{
    "version": 3,
    "terraform_version": "0.11.7",
    "serial": 28,
    "lineage": "3ca708e3-fea2-ad20-96f1-99096caeecc5",
    "modules": [
        {
            "path": [
                "root"
            ],
            "outputs": {
                "cluster_name": {
                    "sensitive": false,
                    "type": "string",
                    "value": "dev-cluster-1"
                },
                "video-proc-sa-email": {
                    "sensitive": false,
                    "type": "string",
                    "value": "video-proc-sa@uob-tv-project-dev.iam.gserviceaccount.com"
                }
            },
            "resources": {
                "data.google_iam_policy.video-proc-sa-policy": {
                    "type": "google_iam_policy",
                    "depends_on": [
                        "data.google_service_account.video-proc-service-account"
                    ],
                    "primary": {
                        "id": "1422527484",
                        "attributes": {
                            "binding.#": "4",
                            "binding.1598868881.members.#": "1",
                            "binding.1598868881.members.46550107": "serviceAccount:video-proc-sa@uob-tv-project-dev.iam.gserviceaccount.com",
                            "binding.1598868881.role": "roles/storage.objectCreator",
                            "binding.1934991914.members.#": "1",
                            "binding.1934991914.members.46550107": "serviceAccount:video-proc-sa@uob-tv-project-dev.iam.gserviceaccount.com",
                            "binding.1934991914.role": "roles/pubsub.publisher",
                            "binding.1945174784.members.#": "1",
                            "binding.1945174784.members.46550107": "serviceAccount:video-proc-sa@uob-tv-project-dev.iam.gserviceaccount.com",
                            "binding.1945174784.role": "roles/pubsub.subscriber",
                            "binding.2183330873.members.#": "1",
                            "binding.2183330873.members.46550107": "serviceAccount:video-proc-sa@uob-tv-project-dev.iam.gserviceaccount.com",
                            "binding.2183330873.role": "roles/storage.objectViewer",
                            "id": "1422527484",
                            "policy_data": "{\"bindings\":[{\"members\":[\"serviceAccount:video-proc-sa@uob-tv-project-dev.iam.gserviceaccount.com\"],\"role\":\"roles/storage.objectCreator\"},{\"members\":[\"serviceAccount:video-proc-sa@uob-tv-project-dev.iam.gserviceaccount.com\"],\"role\":\"roles/pubsub.publisher\"},{\"members\":[\"serviceAccount:video-proc-sa@uob-tv-project-dev.iam.gserviceaccount.com\"],\"role\":\"roles/pubsub.subscriber\"},{\"members\":[\"serviceAccount:video-proc-sa@uob-tv-project-dev.iam.gserviceaccount.com\"],\"role\":\"roles/storage.objectViewer\"}]}"
                        },
                        "meta": {},
                        "tainted": false
                    },
                    "deposed": [],
                    "provider": "provider.google"
                },
                "data.google_service_account.video-proc-service-account": {
                    "type": "google_service_account",
                    "depends_on": [],
                    "primary": {
                        "id": "projects/uob-tv-project-dev/serviceAccounts/video-proc-sa@uob-tv-project-dev.iam.gserviceaccount.com",
                        "attributes": {
                            "account_id": "video-proc-sa",
                            "display_name": "Video Processing Service Account",
                            "email": "video-proc-sa@uob-tv-project-dev.iam.gserviceaccount.com",
                            "id": "projects/uob-tv-project-dev/serviceAccounts/video-proc-sa@uob-tv-project-dev.iam.gserviceaccount.com",
                            "name": "projects/uob-tv-project-dev/serviceAccounts/video-proc-sa@uob-tv-project-dev.iam.gserviceaccount.com",
                            "project": "uob-tv-project-dev",
                            "unique_id": "108713435155508951032"
                        },
                        "meta": {},
                        "tainted": false
                    },
                    "deposed": [],
                    "provider": "provider.google"
                },
                "google_container_cluster.dev_cluster_1": {
                    "type": "google_container_cluster",
                    "depends_on": [],
                    "primary": {
                        "id": "dev-cluster-1",
                        "attributes": {
                            "additional_zones.#": "0",
                            "addons_config.#": "1",
                            "addons_config.0.horizontal_pod_autoscaling.#": "1",
                            "addons_config.0.horizontal_pod_autoscaling.0.disabled": "false",
                            "addons_config.0.http_load_balancing.#": "0",
                            "addons_config.0.kubernetes_dashboard.#": "1",
                            "addons_config.0.kubernetes_dashboard.0.disabled": "true",
                            "addons_config.0.network_policy_config.#": "1",
                            "addons_config.0.network_policy_config.0.disabled": "true",
                            "cluster_ipv4_cidr": "10.28.0.0/14",
                            "description": "",
                            "enable_binary_authorization": "false",
                            "enable_kubernetes_alpha": "false",
                            "enable_legacy_abac": "false",
                            "enable_tpu": "false",
                            "endpoint": "35.242.188.200",
                            "id": "dev-cluster-1",
                            "initial_node_count": "0",
                            "instance_group_urls.#": "2",
                            "instance_group_urls.0": "https://www.googleapis.com/compute/v1/projects/uob-tv-project-dev/zones/europe-west2-a/instanceGroups/gke-dev-cluster-1-default-pool-e24fae1e-grp",
                            "instance_group_urls.1": "https://www.googleapis.com/compute/v1/projects/uob-tv-project-dev/zones/europe-west2-a/instanceGroups/gke-dev-cluster-1-pool-1-376e28fe-grp",
                            "ip_allocation_policy.#": "0",
                            "logging_service": "logging.googleapis.com",
                            "maintenance_policy.#": "0",
                            "master_auth.#": "1",
                            "master_auth.0.client_certificate": "LS0tLS1CRUdJTiBDRVJUSUZJQ0FURS0tLS0tCk1JSUMyekNDQWNPZ0F3SUJBZ0lSQUt5c3dnTjAzR2NsRjJESGZPL29TU0F3RFFZSktvWklodmNOQVFFTEJRQXcKTHpFdE1Dc0dBMVVFQXhNa1pUWXlabUU1T1dJdE1EZzJNeTAwT0RBMUxXRTFaV010T1RrMk1XUTFaamhsTlRrNApNQjRYRFRFNE1UQXlPREF3TWpNeE0xb1hEVEl6TVRBeU56QXdNak14TTFvd0VURVBNQTBHQTFVRUF4TUdZMnhwClpXNTBNSUlCSWpBTkJna3Foa2lHOXcwQkFRRUZBQU9DQVE4QU1JSUJDZ0tDQVFFQW9DT09wN3R4ZUJBMW8yVDAKeUdNcG1lZ0pzSERxaDVoNTdNelNQbkZLR3hJK3lCeVlWNC9Ta3FQZHpjYnB5RVY2WTNlVDdYaVJRKzVMZmRjNApJaUFwc0lHbkFKSndiSU40R3liM1ZIczB2VmVOZEh3ZTRTTm13L2NKY3B6NkVWbm5KNEFIZERFc1BKckM2RlJRClZCQS9vTmxvRFloVjhuZlNRd0YyUWlKUHpWbmlCei94dzhWdFdzbHplbk5GYVRqWTNOVXBHZi9HckFXNGVqS3gKWDdXTDhPU254V00yaUxCaEhkWUU1MjF0cEtqQWsrT2NaMStPK1Y2TndlaVlWQzBSaXhLTlNBaHR5S0pUTlZSNgo2YUo3bVpOWjM4VVVZQmJsM3pYTWdnOFdqOWtJbXFlTDd4M2lzbFM2Y3BlV2NhQ2s4Vllnb3lvSmsrRnQwd1F5CkpBTWZHUUlEQVFBQm94QXdEakFNQmdOVkhSTUJBZjhFQWpBQU1BMEdDU3FHU0liM0RRRUJDd1VBQTRJQkFRQU8KdVFxS0pvNEdyL0lDU3A2MGlSdXR5ZDVFdTBQVjUzblJkSzE2Z2dwWTZZNHJ0ZDZROG5naVNlUUl5MFdtVWpNNQpEb2ZDZG45c1B5ZElIdUdISHplS2EvUlVWRjYrZ0NmUkd1YlRJNWo3eGhGcWkrQWFHY2NIc1lyV1N4eGZHOGY4Cmp4VVBPZHd6OEpsVlpJK0VaMGp5TU5xU01wc3ErVWZXMktNSjhKdklRR1RIcGNBc0xYK3JMNVJWejFmVFhrQ3oKS0NWamplWWlEQ2NTZHFyYnMrdVhVeEFwWHAvdTZZeUJXaUliY1NNb3l6WHZSaVZCMUpjOG5zSjQwT0dQVmpCYgpmbUs4dlhra2ROY01lZUIxb3VTZWxxVnZUd0dJNmxMcytRdXBKU3NuWlhqNjJxSWkzK1IraGlQcGkzd3dYbDNlCm9oYjUraFVlN3V0NkQzdFI0NU1QCi0tLS0tRU5EIENFUlRJRklDQVRFLS0tLS0K",
                            "master_auth.0.client_certificate_config.#": "0",
                            "master_auth.0.client_key": "LS0tLS1CRUdJTiBSU0EgUFJJVkFURSBLRVktLS0tLQpNSUlFb2dJQkFBS0NBUUVBb0NPT3A3dHhlQkExbzJUMHlHTXBtZWdKc0hEcWg1aDU3TXpTUG5GS0d4SSt5QnlZClY0L1NrcVBkemNicHlFVjZZM2VUN1hpUlErNUxmZGM0SWlBcHNJR25BSkp3YklONEd5YjNWSHMwdlZlTmRId2UKNFNObXcvY0pjcHo2RVZubko0QUhkREVzUEpyQzZGUlFWQkEvb05sb0RZaFY4bmZTUXdGMlFpSlB6Vm5pQnoveAp3OFZ0V3NsemVuTkZhVGpZM05VcEdmL0dyQVc0ZWpLeFg3V0w4T1NueFdNMmlMQmhIZFlFNTIxdHBLakFrK09jCloxK08rVjZOd2VpWVZDMFJpeEtOU0FodHlLSlROVlI2NmFKN21aTlozOFVVWUJibDN6WE1nZzhXajlrSW1xZUwKN3gzaXNsUzZjcGVXY2FDazhWWWdveW9KaytGdDB3UXlKQU1mR1FJREFRQUJBb0lCQUU3WGNzS3VESDE2TFk1VwpoQldzakt6VGl3R3RkaXB3TFljaWlGaHAybnhkalQ5a3BMUm5nTnJsaHF4clJHcHZtb1FpT1ZodlJjWFdLcUM0Ck4xREYyUUNudEpzWmZmUk8vZkVRVEREeHY5T0FxWW95R2RucVhnd1pNak9WaWFERlRJTXNDMzl2UGtKUVI2bXUKNlNXYUlsbUU4Qy9KY2RkQW11cVdhNnkveTk1am5KQ0lXVjBxSE9lNXZhZlVsTXJsM2E2Tjd0eWx6VzVZNHR6WQo4YzdMQ3hKNXlzak5VTU9XeUl4NkU5cjZLcVdzNHZQczgxeU1LQ2U2N3VFcUVMUFg3OCs1UEtLNnkvNWMwUThzCmZJRGdsMzBOR3Q2ZWVNS0xVbzhCTXpPZStET1JTVktxclM3VDRCVmdaa2FvSVNvUHZuKzFubitaYlF3bGNWOHkKUk52b3h3a0NnWUVBMkVmRHVvNFpXRHMvb1AyVFRuNHBPQU9mZHp6aGkvM1RicUQ4TVM4WnU0dzFVMFhXZkh2Rgp0bkFJYnVNWFZwcG9tUW9ic0xMN3U4cXVneEYxc1RCYlU4V2JlVTUrdzllcU5TVHMzVnU3SkZmcjFQcC9xVUpBClZPSER2blVIWmFFZWV2WmEvMDFaVkVmSHlpV2JJdndqMHJhZkkrRDBLcHJNWnJYaEs1UzVObzhDZ1lFQXZZeFoKMkordzYvWnZVOUR4TVR6UytkRkxiRDdzZTJ2TlF6ZTluTVU0OVBVTHhJR2t2UmNIT21zQ1lHUG8zM1NTRDRIcApQOWRkOXNxUk5JaGJ5THpFVGNMYXZpRHRSeXRITFVnYSthQkZMbzdBczlIYWxWMkFFNVQwdmk0bE9SdTRCZkF1CkpiTVNUWUY1NGtQVHVCSXhsZ3ZHcWRLQjhBQzZCekFtVDFSVFk5Y0NnWUI2dHhWZVIzd243TTRvaVZoSWhCcmQKRm1rbm5acVg5TGcvb0FZWDNoS3FzRjRkVnBYaFlkVUhzNytGTTBLdHQ4UzdlTm5IUTNiRDBiZDgxSzVEa0IxeApoY0MyYm94TWtKU1p2TTdNdGx5VHZYTXBEOHpaZTZiR3dxWnU3VFg2T3hYeFROREs1TmRYazdiUGd0RG9ZOG5yCnFBVFp0YXkwYzhxZ1NIaHZZdDVJRHdLQmdCd3RGdFg2dHdQOGVBUVBsU3JxamJvUkFKTXdyMXFSWmN2T0oyTjgKZGNFRUJDSEwyNzg0QXgwTjl5WjQ4NDd6OXhwVEIyYzBEb1czQ3VxeU1tS2VuTmVxVlhYWjB5dTNKVGQzOW5xUQo5bmU3UkszMlRmWFNGazNTNEthOG1VL3A3T3NGRHZjUHJYTFVBbGcrR09UTjM0MGNad1dyZ3lFNEdtOGpHeTdECnJEbTFBb0dBRUgrQ1R5Z3JmUnlUOFl0dkpuOTlUc05tNHN1RkJUa1BXdmZFUnl6WW41TnU4WHJOSkFjWFhDVVUKRmM0UUJKUHlOMTY1UkN5NnVGMkl6ZFRJdytodmZhdzhtZzNMV3FHeVBhbDBRUTE0Tm9qSkJ5MVZVTDZwOGNLaQpqR2ZKMHV1bzBxeFhuWXo3Um1zZjlhNDdOODNJUkFRS0lxZzNiWXVOR1F6TzZOaW1TaEE9Ci0tLS0tRU5EIFJTQSBQUklWQVRFIEtFWS0tLS0tCg==",
                            "master_auth.0.cluster_ca_certificate": "LS0tLS1CRUdJTiBDRVJUSUZJQ0FURS0tLS0tCk1JSURERENDQWZTZ0F3SUJBZ0lSQUpLd0JSaXplaVMyejUyTmcrdmJicmt3RFFZSktvWklodmNOQVFFTEJRQXcKTHpFdE1Dc0dBMVVFQXhNa1pUWXlabUU1T1dJdE1EZzJNeTAwT0RBMUxXRTFaV010T1RrMk1XUTFaamhsTlRrNApNQjRYRFRFNE1UQXlOekl6TWpNeE1sb1hEVEl6TVRBeU56QXdNak14TWxvd0x6RXRNQ3NHQTFVRUF4TWtaVFl5ClptRTVPV0l0TURnMk15MDBPREExTFdFMVpXTXRPVGsyTVdRMVpqaGxOVGs0TUlJQklqQU5CZ2txaGtpRzl3MEIKQVFFRkFBT0NBUThBTUlJQkNnS0NBUUVBdURZRnVqNC9vcmpBaCtUSFU5NUwwVEt0ekhJSHBMKzFCcUIvU2VBTwpIMC8vWmkrTHRvWEN4c0FHNHYxZ0dBL2ZNSzhYWWNJblN2Smg5VUEzUE1UMWgrblJ1WjlMRVM4MXVvMW9ydEZMCmplOHVHc0x3eU1tdmtTZFlUaDcrSTlFS095STBvN2IzcmZnb2FIemtydmlqM2ZQUC9HR3FNNFRDb3JrK0ZEUjYKcTRhQ3o5NC80YWVOTzRoYjdVanBvU1ZxMzFDS2hSSEtra1R5aTF2K29KdFg3dUcwRXZvcGI4U2tLNTdFcFlVZApMM3c2UXQvSXVxbVZLZlU0aHN1WDR0ck5LMW1IaGZ2ZHBMejI0dHhvSUp6Z3VWTlZNRW93TEVuYXB4UmxRRnFBCmhvNzhEb3ZTNXBORHpoaVdvVVVFT1lLd1ZFbHF3QVdlUURoRjF2MGR3TUlVT1FJREFRQUJveU13SVRBT0JnTlYKSFE4QkFmOEVCQU1DQWdRd0R3WURWUjBUQVFIL0JBVXdBd0VCL3pBTkJna3Foa2lHOXcwQkFRc0ZBQU9DQVFFQQpyMjVzVGRrN2R0ZHRyWVNYUGgrWFZqeDN4UVhWNFJHVXVCc3lvRm84N2RMK2VrOENkeXV0T1crTmFHWDlvME1BCmQwNUZoYUxNZFplaEwyam53TENsL2hQZXorTnZ1Z0R4akxuVXZjZXdVMW1oZ2hsYlZVTHJqaUxaQTlNT1Z5SzUKUUpsRVpMcWk1RE9LL2NKVTlobVdzMWdtZVpOcVNIK1hJdjNIOVJ2TGxQQ3NDcjBOcmt1WG9ra1JZdXlVRXZaOQpESy9UNWhBT2U5VTFNelJHZWVZVWh1UDYrM05iSTJqS2pCVmJsSUVOc0RPOGJ3blFrMjEvdmlsbUM2SXBZNFlRCmExcXc1L3Q0ZkUyM3JncUVnZTJ0UGxOWmJZMVRDTFd6OGoveElpQ3hFbTB5MzUvRFBTSkptME4zai8wSGJSSGEKOVVrTjNuRlFLMFllSEhFK2M3ZzlFQT09Ci0tLS0tRU5EIENFUlRJRklDQVRFLS0tLS0K",
                            "master_auth.0.password": "ZSOXghkQyGzs13NX",
                            "master_auth.0.username": "admin",
                            "master_authorized_networks_config.#": "0",
                            "master_ipv4_cidr_block": "",
                            "master_version": "1.10.7-gke.11",
                            "min_master_version": "1.10.7-gke.6",
                            "monitoring_service": "monitoring.googleapis.com",
                            "name": "dev-cluster-1",
                            "network": "projects/uob-tv-project-dev/global/networks/default",
                            "network_policy.#": "1",
                            "network_policy.0.enabled": "false",
                            "network_policy.0.provider": "PROVIDER_UNSPECIFIED",
                            "node_config.#": "1",
                            "node_config.0.disk_size_gb": "100",
                            "node_config.0.disk_type": "pd-standard",
                            "node_config.0.guest_accelerator.#": "0",
                            "node_config.0.image_type": "COS",
                            "node_config.0.labels.%": "0",
                            "node_config.0.local_ssd_count": "0",
                            "node_config.0.machine_type": "n1-standard-1",
                            "node_config.0.metadata.%": "0",
                            "node_config.0.min_cpu_platform": "",
                            "node_config.0.oauth_scopes.#": "6",
                            "node_config.0.oauth_scopes.1277378754": "https://www.googleapis.com/auth/monitoring",
                            "node_config.0.oauth_scopes.1632638332": "https://www.googleapis.com/auth/devstorage.read_only",
                            "node_config.0.oauth_scopes.172152165": "https://www.googleapis.com/auth/logging.write",
                            "node_config.0.oauth_scopes.316356861": "https://www.googleapis.com/auth/service.management.readonly",
                            "node_config.0.oauth_scopes.3663490875": "https://www.googleapis.com/auth/servicecontrol",
                            "node_config.0.oauth_scopes.3859019814": "https://www.googleapis.com/auth/trace.append",
                            "node_config.0.preemptible": "false",
                            "node_config.0.service_account": "default",
                            "node_config.0.tags.#": "0",
                            "node_config.0.taint.#": "0",
                            "node_config.0.workload_metadata_config.#": "0",
                            "node_pool.#": "2",
                            "node_pool.0.autoscaling.#": "0",
                            "node_pool.0.initial_node_count": "0",
                            "node_pool.0.instance_group_urls.#": "1",
                            "node_pool.0.instance_group_urls.0": "https://www.googleapis.com/compute/v1/projects/uob-tv-project-dev/zones/europe-west2-a/instanceGroupManagers/gke-dev-cluster-1-default-pool-e24fae1e-grp",
                            "node_pool.0.management.#": "1",
                            "node_pool.0.management.0.auto_repair": "false",
                            "node_pool.0.management.0.auto_upgrade": "false",
                            "node_pool.0.max_pods_per_node": "0",
                            "node_pool.0.name": "default-pool",
                            "node_pool.0.name_prefix": "",
                            "node_pool.0.node_config.#": "1",
                            "node_pool.0.node_config.0.disk_size_gb": "100",
                            "node_pool.0.node_config.0.disk_type": "pd-standard",
                            "node_pool.0.node_config.0.guest_accelerator.#": "0",
                            "node_pool.0.node_config.0.image_type": "COS",
                            "node_pool.0.node_config.0.labels.%": "0",
                            "node_pool.0.node_config.0.local_ssd_count": "0",
                            "node_pool.0.node_config.0.machine_type": "n1-standard-1",
                            "node_pool.0.node_config.0.metadata.%": "0",
                            "node_pool.0.node_config.0.min_cpu_platform": "",
                            "node_pool.0.node_config.0.oauth_scopes.#": "6",
                            "node_pool.0.node_config.0.oauth_scopes.1277378754": "https://www.googleapis.com/auth/monitoring",
                            "node_pool.0.node_config.0.oauth_scopes.1632638332": "https://www.googleapis.com/auth/devstorage.read_only",
                            "node_pool.0.node_config.0.oauth_scopes.172152165": "https://www.googleapis.com/auth/logging.write",
                            "node_pool.0.node_config.0.oauth_scopes.316356861": "https://www.googleapis.com/auth/service.management.readonly",
                            "node_pool.0.node_config.0.oauth_scopes.3663490875": "https://www.googleapis.com/auth/servicecontrol",
                            "node_pool.0.node_config.0.oauth_scopes.3859019814": "https://www.googleapis.com/auth/trace.append",
                            "node_pool.0.node_config.0.preemptible": "false",
                            "node_pool.0.node_config.0.service_account": "default",
                            "node_pool.0.node_config.0.tags.#": "0",
                            "node_pool.0.node_config.0.taint.#": "0",
                            "node_pool.0.node_config.0.workload_metadata_config.#": "0",
                            "node_pool.0.node_count": "0",
                            "node_pool.0.version": "1.10.7-gke.6",
                            "node_pool.1.autoscaling.#": "1",
                            "node_pool.1.autoscaling.0.max_node_count": "5",
                            "node_pool.1.autoscaling.0.min_node_count": "1",
                            "node_pool.1.initial_node_count": "0",
                            "node_pool.1.instance_group_urls.#": "1",
                            "node_pool.1.instance_group_urls.0": "https://www.googleapis.com/compute/v1/projects/uob-tv-project-dev/zones/europe-west2-a/instanceGroupManagers/gke-dev-cluster-1-pool-1-376e28fe-grp",
                            "node_pool.1.management.#": "1",
                            "node_pool.1.management.0.auto_repair": "false",
                            "node_pool.1.management.0.auto_upgrade": "false",
                            "node_pool.1.max_pods_per_node": "0",
                            "node_pool.1.name": "pool-1",
                            "node_pool.1.name_prefix": "",
                            "node_pool.1.node_config.#": "1",
                            "node_pool.1.node_config.0.disk_size_gb": "30",
                            "node_pool.1.node_config.0.disk_type": "pd-standard",
                            "node_pool.1.node_config.0.guest_accelerator.#": "0",
                            "node_pool.1.node_config.0.image_type": "COS",
                            "node_pool.1.node_config.0.labels.%": "0",
                            "node_pool.1.node_config.0.local_ssd_count": "0",
                            "node_pool.1.node_config.0.machine_type": "n1-standard-1",
                            "node_pool.1.node_config.0.metadata.%": "0",
                            "node_pool.1.node_config.0.min_cpu_platform": "",
                            "node_pool.1.node_config.0.oauth_scopes.#": "5",
                            "node_pool.1.node_config.0.oauth_scopes.1277378754": "https://www.googleapis.com/auth/monitoring",
                            "node_pool.1.node_config.0.oauth_scopes.1328717722": "https://www.googleapis.com/auth/devstorage.read_write",
                            "node_pool.1.node_config.0.oauth_scopes.172152165": "https://www.googleapis.com/auth/logging.write",
                            "node_pool.1.node_config.0.oauth_scopes.299962681": "https://www.googleapis.com/auth/compute",
                            "node_pool.1.node_config.0.oauth_scopes.4002673104": "https://www.googleapis.com/auth/pubsub",
                            "node_pool.1.node_config.0.preemptible": "false",
                            "node_pool.1.node_config.0.service_account": "default",
                            "node_pool.1.node_config.0.tags.#": "0",
                            "node_pool.1.node_config.0.taint.#": "0",
                            "node_pool.1.node_config.0.workload_metadata_config.#": "0",
                            "node_pool.1.node_count": "0",
                            "node_pool.1.version": "1.10.7-gke.11",
                            "node_version": "1.10.7-gke.6",
                            "pod_security_policy_config.#": "0",
                            "private_cluster": "false",
                            "project": "uob-tv-project-dev",
                            "resource_labels.%": "0",
                            "subnetwork": "projects/uob-tv-project-dev/regions/europe-west2/subnetworks/default",
                            "zone": "europe-west2-a"
                        },
                        "meta": {
                            "e2bfb730-ecaa-11e6-8f88-34363bc7c4c0": {
                                "create": 1800000000000,
                                "delete": 1800000000000,
                                "update": 600000000000
                            },
                            "schema_version": "1"
                        },
                        "tainted": false
                    },
                    "deposed": [],
                    "provider": "provider.google"
                },
                "google_container_node_pool.pool_1": {
                    "type": "google_container_node_pool",
                    "depends_on": [
                        "google_container_cluster.dev_cluster_1"
                    ],
                    "primary": {
                        "id": "europe-west2-a/dev-cluster-1/pool-1",
                        "attributes": {
                            "autoscaling.#": "1",
                            "autoscaling.0.max_node_count": "5",
                            "autoscaling.0.min_node_count": "1",
                            "cluster": "dev-cluster-1",
                            "id": "europe-west2-a/dev-cluster-1/pool-1",
                            "initial_node_count": "0",
                            "instance_group_urls.#": "1",
                            "instance_group_urls.0": "https://www.googleapis.com/compute/v1/projects/uob-tv-project-dev/zones/europe-west2-a/instanceGroupManagers/gke-dev-cluster-1-pool-1-376e28fe-grp",
                            "management.#": "1",
                            "management.0.auto_repair": "false",
                            "management.0.auto_upgrade": "false",
                            "name": "pool-1",
                            "name_prefix": "",
                            "node_config.#": "1",
                            "node_config.0.disk_size_gb": "30",
                            "node_config.0.disk_type": "pd-standard",
                            "node_config.0.guest_accelerator.#": "0",
                            "node_config.0.image_type": "COS",
                            "node_config.0.labels.%": "0",
                            "node_config.0.local_ssd_count": "0",
                            "node_config.0.machine_type": "n1-standard-1",
                            "node_config.0.metadata.%": "0",
                            "node_config.0.min_cpu_platform": "",
                            "node_config.0.oauth_scopes.#": "5",
                            "node_config.0.oauth_scopes.1277378754": "https://www.googleapis.com/auth/monitoring",
                            "node_config.0.oauth_scopes.1328717722": "https://www.googleapis.com/auth/devstorage.read_write",
                            "node_config.0.oauth_scopes.172152165": "https://www.googleapis.com/auth/logging.write",
                            "node_config.0.oauth_scopes.299962681": "https://www.googleapis.com/auth/compute",
                            "node_config.0.oauth_scopes.4002673104": "https://www.googleapis.com/auth/pubsub",
                            "node_config.0.preemptible": "false",
                            "node_config.0.service_account": "default",
                            "node_config.0.tags.#": "0",
                            "node_config.0.taint.#": "0",
                            "node_config.0.workload_metadata_config.#": "0",
                            "node_count": "0",
                            "project": "uob-tv-project-dev",
                            "version": "1.10.7-gke.11",
                            "zone": "europe-west2-a"
                        },
                        "meta": {
                            "e2bfb730-ecaa-11e6-8f88-34363bc7c4c0": {
                                "create": 1800000000000,
                                "delete": 600000000000,
                                "update": 600000000000
                            },
                            "schema_version": "1"
                        },
                        "tainted": false
                    },
                    "deposed": [],
                    "provider": "provider.google"
                },
                "google_dns_managed_zone.ubo-tv-internal-zone": {
                    "type": "google_dns_managed_zone",
                    "depends_on": [],
                    "primary": {
                        "id": "uob-tv-internal-zone",
                        "attributes": {
                            "description": "Managed by Terraform",
                            "dns_name": "internal.uob.tv.",
                            "id": "uob-tv-internal-zone",
                            "labels.%": "0",
                            "name": "uob-tv-internal-zone",
                            "name_servers.#": "4",
                            "name_servers.0": "ns-cloud-a1.googledomains.com.",
                            "name_servers.1": "ns-cloud-a2.googledomains.com.",
                            "name_servers.2": "ns-cloud-a3.googledomains.com.",
                            "name_servers.3": "ns-cloud-a4.googledomains.com.",
                            "project": "uob-tv-project-dev"
                        },
                        "meta": {},
                        "tainted": false
                    },
                    "deposed": [],
                    "provider": "provider.google"
                },
                "google_dns_managed_zone.ubo-tv-public-zone": {
                    "type": "google_dns_managed_zone",
                    "depends_on": [],
                    "primary": {
                        "id": "uob-tv-public-zone",
                        "attributes": {
                            "description": "Managed by Terraform",
                            "dns_name": "uob.tv.",
                            "id": "uob-tv-public-zone",
                            "labels.%": "0",
                            "name": "uob-tv-public-zone",
                            "name_servers.#": "4",
                            "name_servers.0": "ns-cloud-b1.googledomains.com.",
                            "name_servers.1": "ns-cloud-b2.googledomains.com.",
                            "name_servers.2": "ns-cloud-b3.googledomains.com.",
                            "name_servers.3": "ns-cloud-b4.googledomains.com.",
                            "project": "uob-tv-project-dev"
                        },
                        "meta": {},
                        "tainted": false
                    },
                    "deposed": [],
                    "provider": "provider.google"
                },
                "google_project_services.project": {
                    "type": "google_project_services",
                    "depends_on": [],
                    "primary": {
                        "id": "uob-tv-project-dev",
                        "attributes": {
                            "disable_on_destroy": "true",
                            "id": "uob-tv-project-dev",
                            "project": "uob-tv-project-dev",
                            "services.#": "26",
                            "services.133405307": "storage-component.googleapis.com",
                            "services.1560437671": "iam.googleapis.com",
                            "services.1568433289": "oslogin.googleapis.com",
                            "services.1610229196": "bigquery-json.googleapis.com",
                            "services.1712537408": "containerregistry.googleapis.com",
                            "services.1793140363": "clouddebugger.googleapis.com",
                            "services.1954675454": "serviceusage.googleapis.com",
                            "services.2117420113": "pubsub.googleapis.com",
                            "services.2176421926": "cloudkms.googleapis.com",
                            "services.2240314979": "compute.googleapis.com",
                            "services.238136042": "cloudapis.googleapis.com",
                            "services.2471815660": "servicemanagement.googleapis.com",
                            "services.2928564140": "dns.googleapis.com",
                            "services.2993626976": "iap.googleapis.com",
                            "services.323125032": "cloudtrace.googleapis.com",
                            "services.3237295688": "monitoring.googleapis.com",
                            "services.3315898634": "clouderrorreporting.googleapis.com",
                            "services.3355193353": "logging.googleapis.com",
                            "services.3604209692": "iamcredentials.googleapis.com",
                            "services.3644083179": "cloudresourcemanager.googleapis.com",
                            "services.3740470850": "container.googleapis.com",
                            "services.3875785048": "storage-api.googleapis.com",
                            "services.3899772697": "cloudfunctions.googleapis.com",
                            "services.3902838863": "cloudbilling.googleapis.com",
                            "services.77316126": "sql-component.googleapis.com",
                            "services.932568001": "datastore.googleapis.com"
                        },
                        "meta": {},
                        "tainted": false
                    },
                    "deposed": [],
                    "provider": "provider.google"
                },
                "google_pubsub_subscription.video-proc-workers-subscription": {
                    "type": "google_pubsub_subscription",
                    "depends_on": [
                        "google_pubsub_topic.video-jobs-topic"
                    ],
                    "primary": {
                        "id": "projects/uob-tv-project-dev/subscriptions/video-proc-workers-subscription",
                        "attributes": {
                            "ack_deadline_seconds": "60",
                            "id": "projects/uob-tv-project-dev/subscriptions/video-proc-workers-subscription",
                            "name": "video-proc-workers-subscription",
                            "path": "projects/uob-tv-project-dev/subscriptions/video-proc-workers-subscription",
                            "project": "uob-tv-project-dev",
                            "push_config.#": "0",
                            "topic": "projects/uob-tv-project-dev/topics/video-proc-jobs-topic"
                        },
                        "meta": {},
                        "tainted": false
                    },
                    "deposed": [],
                    "provider": "provider.google"
                },
                "google_pubsub_topic.video-jobs-topic": {
                    "type": "google_pubsub_topic",
                    "depends_on": [],
                    "primary": {
                        "id": "projects/uob-tv-project-dev/topics/video-proc-jobs-topic",
                        "attributes": {
                            "id": "projects/uob-tv-project-dev/topics/video-proc-jobs-topic",
                            "name": "video-proc-jobs-topic",
                            "project": "uob-tv-project-dev"
                        },
                        "meta": {},
                        "tainted": false
                    },
                    "deposed": [],
                    "provider": "provider.google"
                },
                "google_service_account_key.video-proc-sa-key": {
                    "type": "google_service_account_key",
                    "depends_on": [
                        "data.google_service_account.video-proc-service-account"
                    ],
                    "primary": {
                        "id": "projects/uob-tv-project-dev/serviceAccounts/video-proc-sa@uob-tv-project-dev.iam.gserviceaccount.com/keys/f60ef0eeda1c7ae5e737fe8aca4db470fcb912dd",
                        "attributes": {
                            "id": "projects/uob-tv-project-dev/serviceAccounts/video-proc-sa@uob-tv-project-dev.iam.gserviceaccount.com/keys/f60ef0eeda1c7ae5e737fe8aca4db470fcb912dd",
                            "key_algorithm": "KEY_ALG_RSA_2048",
                            "name": "projects/uob-tv-project-dev/serviceAccounts/video-proc-sa@uob-tv-project-dev.iam.gserviceaccount.com/keys/f60ef0eeda1c7ae5e737fe8aca4db470fcb912dd",
                            "private_key": "ewogICJ0eXBlIjogInNlcnZpY2VfYWNjb3VudCIsCiAgInByb2plY3RfaWQiOiAidW9iLXR2LXByb2plY3QtZGV2IiwKICAicHJpdmF0ZV9rZXlfaWQiOiAiZjYwZWYwZWVkYTFjN2FlNWU3MzdmZThhY2E0ZGI0NzBmY2I5MTJkZCIsCiAgInByaXZhdGVfa2V5IjogIi0tLS0tQkVHSU4gUFJJVkFURSBLRVktLS0tLVxuTUlJRXZnSUJBREFOQmdrcWhraUc5dzBCQVFFRkFBU0NCS2d3Z2dTa0FnRUFBb0lCQVFDODRzTnZKcWxjdDl0TFxuL0M1US9PcE40VWVBdkRxbUpCT20vZGRZTUUva0lsMEZZZWx2cWVTSjdweGRxOVQ4aGRxM2lzRnBSYUFCd1ppUVxuVWRzcE1GOEF3ZE9KemtjWTV0WnZQWlZuZy9jRDgwbXVzVm1XNk51MzZXYTZGS1hoeGllMEJzRUcrRElPcU9LelxudUwxUDQrNVlWVlhaUW5mSGN3YzNmTDN0WFBVSjdHWmRvUGgydW9MUnBUSlpXakM5Rk9ib0toWVNiV0IzdnNhRlxudUpaczdwN3dqbVowM2pCS2w4OHBTT2pOdlh3OVluMVBsKzJoQkwrSDlUU3AzdGh6Ynl4bldGS3lnVXpISlJsV1xubFNtOGdDaDJ1d0ZaS3NKNG95ZHBLNVF2K3ViZkZKYVM1WmxYcGVrdWpyMHdhdDg3T1RCdTNtTVh1WTQxekd5aVxuWmJTdUlVUmhBZ01CQUFFQ2dnRUFCUWNGNklvY0pUT1MrU0toQ3NPeTkyc3lqZmF1TkZpT3hzQWh5aVdSQzVuaFxuaTlvVVFheU9BS0RaTHh1dDRkVDVva2gvT25zN0ZaV3VzOUVTdldqM1ZaSkdWZDZCT3RleWRGVFM4UEtNc2FGNVxuSm5CVlRONGdzcHF6ejUxcStrZVJFcXB6OUlKSXd6TUczVXB2V1lNcG9TT1A3TC9OdEVGZCswSEFYaS94WEZHUFxuaGRmRkJBamtYbU5IS080dUxyNlR2NjJ5WlUwcHpzdWQyY3FnRnpmcjd2QkFycGpQbC9tcVhTd0d0SkU1OUp3OFxuNVhtTWhuaTJGVHd5L1VSUFVadWorcThKTWVPb1JhRXZjZjFjK1I3c3VFanlIUW1Dam43cTVocnV4RUptWExZMlxuUHRkOUhvc1FkWGhPcytybHdIdUNYU3BQOU9iZTdoeWFQUHNxSCtoT0pRS0JnUURjTSs4UnoxdnFETWxIRm1wdVxuY1lYa3RjREdYcTZ3czNhTlp0WFd2Q1RVMFk1TXdaOHhQdlAyK2pKSjZ2RDhPYzRaeFRBK3BLcytnU3diK09UQlxuem1BT3hiTTRzUzFQWVhqOVB3cnh2Mnh0UFJIaGFzSFlYcStjSnphaDRZR29GczJkS1hacUw1anc2YXduUFJmMlxuV05CNkd6d2NNNUphbjc4NUxHUXQ5eW9DQlFLQmdRRGJsNFlHcFpBdnNTM1pEQ0Z4UjczUHFySTE2TTN3M2pRZlxuL29WOFYvSVBZZjJuWWNRbkQ3MllVc2dmVHc4RjFxL1cxeVZ4a0Zucjd4dkc5V1YxdUdhTXMrdnVUY2c2cEU3bVxuS3pnWTkwbW8xYmp5Rmd2UHBhbXlBM1JqcUUxK09ZcndBdWtRL2grMTc2TXVxaStyZlpHazI5U0o4WTQ2dHNDTVxuYS9INENDZjdyUUtCZ1FETUZjWUpONm4wYmcxT09WUkRNQ3ZzSVJlZHdyc2RRZmNxYnBqYUFGNFNjSFgyWmExcFxuTXZOaGY5bUQ4SitRNVBKRHFDSmlyTE9acHBaL0JscmQxS3ZxaFFqcURpdjBXbDZNT0JXb29NV1pLUFNkZXhoVlxudE13RmFjS1VuakJRM1hHTHE1WDRMRTBQVzBNV3l1U2VpUW9QWVphQWZMdTBDa0pzZHR3U1RmVTlFUUtCZ0dqeFxuU1FQMEs2d2ZLS0lKd2hHNUQyVW5Wbk9kQm82T0lxc0hvQk9FbEJIMTZwc0xoZ3FFNHo3Z2tQTWxmVEIxSVNPelxuUGhtL3VybWVVOUFKaHF0enJNNmhUYWRkVk10eHFxTWxGSElaL0FITDRjOFA2aVVhTHJiOEg2dGd5MmYvWi82N1xuNVZaUm5DWCttQ1c4LzNzZFQzVlIrWWpTLy8zZlNMWFRBSmhnalhzaEFvR0JBTUN4aUd5bkFIc0JhUFUwcENWZFxuS04zbHdYYVUrcHVxV1B0d2hLU3lyZS9yTEgvRmFNRXVocDhaM085Y29FMlQxTUM3Z1dRWnJBT2hScTI0d2RvVlxuR05FNWN4VW9FWjBsTU83RTNGSGtDQmhDYjFmbHNvWk01K21DeDRROGd4a0EwSUlWNVk4ZTZhc3BGKzFsR1NreFxuTTIzVXNjeG1XMGZIVHpHMW9DZDI2ellxXG4tLS0tLUVORCBQUklWQVRFIEtFWS0tLS0tXG4iLAogICJjbGllbnRfZW1haWwiOiAidmlkZW8tcHJvYy1zYUB1b2ItdHYtcHJvamVjdC1kZXYuaWFtLmdzZXJ2aWNlYWNjb3VudC5jb20iLAogICJjbGllbnRfaWQiOiAiMTA4NzEzNDM1MTU1NTA4OTUxMDMyIiwKICAiYXV0aF91cmkiOiAiaHR0cHM6Ly9hY2NvdW50cy5nb29nbGUuY29tL28vb2F1dGgyL2F1dGgiLAogICJ0b2tlbl91cmkiOiAiaHR0cHM6Ly9vYXV0aDIuZ29vZ2xlYXBpcy5jb20vdG9rZW4iLAogICJhdXRoX3Byb3ZpZGVyX3g1MDlfY2VydF91cmwiOiAiaHR0cHM6Ly93d3cuZ29vZ2xlYXBpcy5jb20vb2F1dGgyL3YxL2NlcnRzIiwKICAiY2xpZW50X3g1MDlfY2VydF91cmwiOiAiaHR0cHM6Ly93d3cuZ29vZ2xlYXBpcy5jb20vcm9ib3QvdjEvbWV0YWRhdGEveDUwOS92aWRlby1wcm9jLXNhJTQwdW9iLXR2LXByb2plY3QtZGV2LmlhbS5nc2VydmljZWFjY291bnQuY29tIgp9Cg==",
                            "private_key_type": "TYPE_GOOGLE_CREDENTIALS_FILE",
                            "public_key": "LS0tLS1CRUdJTiBDRVJUSUZJQ0FURS0tLS0tCk1JSUMrakNDQWVLZ0F3SUJBZ0lJWWRlOXdoOUxoa293RFFZSktvWklodmNOQVFFRkJRQXdJREVlTUJ3R0ExVUUKQXhNVk1UQTROekV6TkRNMU1UVTFOVEE0T1RVeE1ETXlNQjRYRFRFNE1USXdNekl3TkRVd04xb1hEVEk0TVRFegpNREl3TkRVd04xb3dJREVlTUJ3R0ExVUVBeE1WTVRBNE56RXpORE0xTVRVMU5UQTRPVFV4TURNeU1JSUJJakFOCkJna3Foa2lHOXcwQkFRRUZBQU9DQVE4QU1JSUJDZ0tDQVFFQXZPTERieWFwWExmYlMvd3VVUHpxVGVGSGdMdzYKcGlRVHB2M1hXREJQNUNKZEJXSHBiNm5raWU2Y1hhdlUvSVhhdDRyQmFVV2dBY0dZa0ZIYktUQmZBTUhUaWM1SApHT2JXYnoyVlo0UDNBL05KcnJGWmx1amJ0K2xtdWhTbDRjWW50QWJCQnZneURxamlzN2k5VCtQdVdGVlYyVUozCngzTUhOM3k5N1Z6MUNleG1YYUQ0ZHJxQzBhVXlXVm93dlJUbTZDb1dFbTFnZDc3R2hiaVdiTzZlOEk1bWRONHcKU3BmUEtVam96YjE4UFdKOVQ1ZnRvUVMvaC9VMHFkN1ljMjhzWjFoU3NvRk14eVVaVnBVcHZJQW9kcnNCV1NyQwplS01uYVN1VUwvcm0zeFNXa3VXWlY2WHBMbzY5TUdyZk96a3didDVqRjdtT05jeHNvbVcwcmlGRVlRSURBUUFCCm96Z3dOakFNQmdOVkhSTUJBZjhFQWpBQU1BNEdBMVVkRHdFQi93UUVBd0lIZ0RBV0JnTlZIU1VCQWY4RUREQUsKQmdnckJnRUZCUWNEQWpBTkJna3Foa2lHOXcwQkFRVUZBQU9DQVFFQXZDRWQyM2x2TFNIQ2xiQjYzc0lYUVJLeQphYjZzL0pyZ3lueHJISjQrUzhiS1ZXWlV2OWt0bWxiYXVNQmJqZ0I1c0VhWDQzS3FnRmRaUTVvVEtObG0yTTVLClYwQnM4Rk1Yb0pZWlJ4UVdWTmhEeXhJeUwxRUFtZmNMSi9XOUR5OXRTbnpNcXJLL04wUStWYkhKR1BIZ253S24KdEdQeStLSEZOY0NvQ0ZENUN6cFNIekgzbWl1dEMrdXd6M1VqKzJ4L01OWmJvQ0hsb0JjSGR2U3pBK2N4TVdodgpUcUZnU1FaUStNRjVlcnVYSks2cTlHazJnZHVSMDB2VmVZdXhGQ3hOWVowQmhxRW1NVFpGUEU3enZaaVl1cHNlCkVzSHQ0eVUrVWVLWXpXK3VpS3M3U2ZGaGtOanRScW9NT3J4eGhsUHZ6WklHV09yejBYcEpid214Q1hVMCtBPT0KLS0tLS1FTkQgQ0VSVElGSUNBVEUtLS0tLQo=",
                            "public_key_type": "TYPE_X509_PEM_FILE",
                            "service_account_id": "video-proc-sa",
                            "valid_after": "2018-12-03T20:45:07Z",
                            "valid_before": "2028-11-30T20:45:07Z"
                        },
                        "meta": {},
                        "tainted": false
                    },
                    "deposed": [],
                    "provider": "provider.google"
                },
                "google_storage_bucket.uob-tv-infra-store": {
                    "type": "google_storage_bucket",
                    "depends_on": [],
                    "primary": {
                        "id": "uob-tv-infra",
                        "attributes": {
                            "cors.#": "0",
                            "encryption.#": "0",
                            "force_destroy": "false",
                            "id": "uob-tv-infra",
                            "labels.%": "0",
                            "lifecycle_rule.#": "0",
                            "location": "EUROPE-WEST2",
                            "logging.#": "0",
                            "name": "uob-tv-infra",
                            "project": "uob-tv-project-dev",
                            "self_link": "https://www.googleapis.com/storage/v1/b/uob-tv-infra",
                            "storage_class": "REGIONAL",
                            "url": "gs://uob-tv-infra",
                            "versioning.#": "1",
                            "versioning.0.enabled": "false"
                        },
                        "meta": {},
                        "tainted": false
                    },
                    "deposed": [],
                    "provider": "provider.google"
                },
                "google_storage_bucket.uob-tv-videos-public-store": {
                    "type": "google_storage_bucket",
                    "depends_on": [],
                    "primary": {
                        "id": "uob-tv-videos-public",
                        "attributes": {
                            "cors.#": "1",
                            "cors.0.max_age_seconds": "3600",
                            "cors.0.method.#": "2",
                            "cors.0.method.0": "GET",
                            "cors.0.method.1": "HEAD",
                            "cors.0.origin.#": "1",
                            "cors.0.origin.0": "*",
                            "cors.0.response_header.#": "1",
                            "cors.0.response_header.0": "Content-Type",
                            "encryption.#": "0",
                            "force_destroy": "false",
                            "id": "uob-tv-videos-public",
                            "labels.%": "0",
                            "lifecycle_rule.#": "0",
                            "location": "EUROPE-WEST2",
                            "logging.#": "0",
                            "name": "uob-tv-videos-public",
                            "project": "uob-tv-project-dev",
                            "self_link": "https://www.googleapis.com/storage/v1/b/uob-tv-videos-public",
                            "storage_class": "REGIONAL",
                            "url": "gs://uob-tv-videos-public",
                            "versioning.#": "1",
                            "versioning.0.enabled": "false"
                        },
                        "meta": {},
                        "tainted": false
                    },
                    "deposed": [],
                    "provider": "provider.google"
                },
                "google_storage_bucket.uob-tv-videos-store": {
                    "type": "google_storage_bucket",
                    "depends_on": [],
                    "primary": {
                        "id": "uob-tv-videos",
                        "attributes": {
                            "cors.#": "0",
                            "encryption.#": "0",
                            "force_destroy": "false",
                            "id": "uob-tv-videos",
                            "labels.%": "0",
                            "lifecycle_rule.#": "0",
                            "location": "EUROPE-WEST2",
                            "logging.#": "0",
                            "name": "uob-tv-videos",
                            "project": "uob-tv-project-dev",
                            "self_link": "https://www.googleapis.com/storage/v1/b/uob-tv-videos",
                            "storage_class": "NEARLINE",
                            "url": "gs://uob-tv-videos",
                            "versioning.#": "1",
                            "versioning.0.enabled": "false"
                        },
                        "meta": {},
                        "tainted": false
                    },
                    "deposed": [],
                    "provider": "provider.google"
                },
                "google_storage_bucket_acl.uob-tv-videos-store-acl": {
                    "type": "google_storage_bucket_acl",
                    "depends_on": [
                        "google_storage_bucket.uob-tv-videos-store"
                    ],
                    "primary": {
                        "id": "uob-tv-vidoes-acl",
                        "attributes": {
                            "bucket": "uob-tv-videos",
                            "id": "uob-tv-vidoes-acl",
                            "role_entity.#": "0"
                        },
                        "meta": {},
                        "tainted": false
                    },
                    "deposed": [],
                    "provider": "provider.google"
                },
                "google_storage_default_object_acl.uob-tv-videos-public-default-acl": {
                    "type": "google_storage_default_object_acl",
                    "depends_on": [
                        "google_storage_bucket.uob-tv-videos-public-store"
                    ],
                    "primary": {
                        "id": "uob-tv-videos-public",
                        "attributes": {
                            "bucket": "uob-tv-videos-public",
                            "id": "uob-tv-videos-public",
                            "role_entity.#": "1",
                            "role_entity.0": "READER:allUsers"
                        },
                        "meta": {},
                        "tainted": false
                    },
                    "deposed": [],
                    "provider": "provider.google"
                },
                "kubernetes_secret.video-proc-sa-credential": {
                    "type": "kubernetes_secret",
                    "depends_on": [
                        "google_service_account_key.video-proc-sa-key"
                    ],
                    "primary": {
                        "id": "default/video-proc-sa-credential",
                        "attributes": {
                            "data.%": "1",
                            "data.credentials.json": "{\n  \"type\": \"service_account\",\n  \"project_id\": \"uob-tv-project-dev\",\n  \"private_key_id\": \"f60ef0eeda1c7ae5e737fe8aca4db470fcb912dd\",\n  \"private_key\": \"-----BEGIN PRIVATE KEY-----\\nMIIEvgIBADANBgkqhkiG9w0BAQEFAASCBKgwggSkAgEAAoIBAQC84sNvJqlct9tL\\n/C5Q/OpN4UeAvDqmJBOm/ddYME/kIl0FYelvqeSJ7pxdq9T8hdq3isFpRaABwZiQ\\nUdspMF8AwdOJzkcY5tZvPZVng/cD80musVmW6Nu36Wa6FKXhxie0BsEG+DIOqOKz\\nuL1P4+5YVVXZQnfHcwc3fL3tXPUJ7GZdoPh2uoLRpTJZWjC9FOboKhYSbWB3vsaF\\nuJZs7p7wjmZ03jBKl88pSOjNvXw9Yn1Pl+2hBL+H9TSp3thzbyxnWFKygUzHJRlW\\nlSm8gCh2uwFZKsJ4oydpK5Qv+ubfFJaS5ZlXpekujr0wat87OTBu3mMXuY41zGyi\\nZbSuIURhAgMBAAECggEABQcF6IocJTOS+SKhCsOy92syjfauNFiOxsAhyiWRC5nh\\ni9oUQayOAKDZLxut4dT5okh/Ons7FZWus9ESvWj3VZJGVd6BOteydFTS8PKMsaF5\\nJnBVTN4gspqzz51q+keREqpz9IJIwzMG3UpvWYMpoSOP7L/NtEFd+0HAXi/xXFGP\\nhdfFBAjkXmNHKO4uLr6Tv62yZU0pzsud2cqgFzfr7vBArpjPl/mqXSwGtJE59Jw8\\n5XmMhni2FTwy/URPUZuj+q8JMeOoRaEvcf1c+R7suEjyHQmCjn7q5hruxEJmXLY2\\nPtd9HosQdXhOs+rlwHuCXSpP9Obe7hyaPPsqH+hOJQKBgQDcM+8Rz1vqDMlHFmpu\\ncYXktcDGXq6ws3aNZtXWvCTU0Y5MwZ8xPvP2+jJJ6vD8Oc4ZxTA+pKs+gSwb+OTB\\nzmAOxbM4sS1PYXj9Pwrxv2xtPRHhasHYXq+cJzah4YGoFs2dKXZqL5jw6awnPRf2\\nWNB6GzwcM5Jan785LGQt9yoCBQKBgQDbl4YGpZAvsS3ZDCFxR73PqrI16M3w3jQf\\n/oV8V/IPYf2nYcQnD72YUsgfTw8F1q/W1yVxkFnr7xvG9WV1uGaMs+vuTcg6pE7m\\nKzgY90mo1bjyFgvPpamyA3RjqE1+OYrwAukQ/h+176Muqi+rfZGk29SJ8Y46tsCM\\na/H4CCf7rQKBgQDMFcYJN6n0bg1OOVRDMCvsIRedwrsdQfcqbpjaAF4ScHX2Za1p\\nMvNhf9mD8J+Q5PJDqCJirLOZppZ/Blrd1KvqhQjqDiv0Wl6MOBWooMWZKPSdexhV\\ntMwFacKUnjBQ3XGLq5X4LE0PW0MWyuSeiQoPYZaAfLu0CkJsdtwSTfU9EQKBgGjx\\nSQP0K6wfKKIJwhG5D2UnVnOdBo6OIqsHoBOElBH16psLhgqE4z7gkPMlfTB1ISOz\\nPhm/urmeU9AJhqtzrM6hTaddVMtxqqMlFHIZ/AHL4c8P6iUaLrb8H6tgy2f/Z/67\\n5VZRnCX+mCW8/3sdT3VR+YjS//3fSLXTAJhgjXshAoGBAMCxiGynAHsBaPU0pCVd\\nKN3lwXaU+puqWPtwhKSyre/rLH/FaMEuhp8Z3O9coE2T1MC7gWQZrAOhRq24wdoV\\nGNE5cxUoEZ0lMO7E3FHkCBhCb1flsoZM5+mCx4Q8gxkA0IIV5Y8e6aspF+1lGSkx\\nM23UscxmW0fHTzG1oCd26zYq\\n-----END PRIVATE KEY-----\\n\",\n  \"client_email\": \"video-proc-sa@uob-tv-project-dev.iam.gserviceaccount.com\",\n  \"client_id\": \"108713435155508951032\",\n  \"auth_uri\": \"https://accounts.google.com/o/oauth2/auth\",\n  \"token_uri\": \"https://oauth2.googleapis.com/token\",\n  \"auth_provider_x509_cert_url\": \"https://www.googleapis.com/oauth2/v1/certs\",\n  \"client_x509_cert_url\": \"https://www.googleapis.com/robot/v1/metadata/x509/video-proc-sa%40uob-tv-project-dev.iam.gserviceaccount.com\"\n}\n",
                            "id": "default/video-proc-sa-credential",
                            "metadata.#": "1",
                            "metadata.0.annotations.%": "0",
                            "metadata.0.generate_name": "",
                            "metadata.0.generation": "0",
                            "metadata.0.labels.%": "0",
                            "metadata.0.name": "video-proc-sa-credential",
                            "metadata.0.namespace": "default",
                            "metadata.0.resource_version": "4798482",
                            "metadata.0.self_link": "/api/v1/namespaces/default/secrets/video-proc-sa-credential",
                            "metadata.0.uid": "1ad64959-f73d-11e8-a56c-42010a9a002c",
                            "type": "Opaque"
                        },
                        "meta": {},
                        "tainted": false
                    },
                    "deposed": [],
                    "provider": "provider.kubernetes"
                }
            },
            "depends_on": []
        }
    ]
}
