{
    "version": 3,
    "terraform_version": "0.11.7",
    "serial": 26,
    "lineage": "3ca708e3-fea2-ad20-96f1-99096caeecc5",
    "modules": [
        {
            "path": [
                "root"
            ],
            "outputs": {
                "cluster_name": {
                    "sensitive": false,
                    "type": "string",
                    "value": "dev-cluster-1"
                },
                "video-proc-sa-email": {
                    "sensitive": false,
                    "type": "string",
                    "value": "video-proc-sa@uob-tv-project-dev.iam.gserviceaccount.com"
                }
            },
            "resources": {
                "data.google_iam_policy.video-proc-sa-policy": {
                    "type": "google_iam_policy",
                    "depends_on": [
                        "data.google_service_account.video-proc-service-account"
                    ],
                    "primary": {
                        "id": "1684994023",
                        "attributes": {
                            "binding.#": "3",
                            "binding.1598868881.members.#": "1",
                            "binding.1598868881.members.46550107": "serviceAccount:video-proc-sa@uob-tv-project-dev.iam.gserviceaccount.com",
                            "binding.1598868881.role": "roles/storage.objectCreator",
                            "binding.1945174784.members.#": "1",
                            "binding.1945174784.members.46550107": "serviceAccount:video-proc-sa@uob-tv-project-dev.iam.gserviceaccount.com",
                            "binding.1945174784.role": "roles/pubsub.subscriber",
                            "binding.2183330873.members.#": "1",
                            "binding.2183330873.members.46550107": "serviceAccount:video-proc-sa@uob-tv-project-dev.iam.gserviceaccount.com",
                            "binding.2183330873.role": "roles/storage.objectViewer",
                            "id": "1684994023",
                            "policy_data": "{\"bindings\":[{\"members\":[\"serviceAccount:video-proc-sa@uob-tv-project-dev.iam.gserviceaccount.com\"],\"role\":\"roles/storage.objectCreator\"},{\"members\":[\"serviceAccount:video-proc-sa@uob-tv-project-dev.iam.gserviceaccount.com\"],\"role\":\"roles/pubsub.subscriber\"},{\"members\":[\"serviceAccount:video-proc-sa@uob-tv-project-dev.iam.gserviceaccount.com\"],\"role\":\"roles/storage.objectViewer\"}]}"
                        },
                        "meta": {},
                        "tainted": false
                    },
                    "deposed": [],
                    "provider": "provider.google"
                },
                "data.google_service_account.video-proc-service-account": {
                    "type": "google_service_account",
                    "depends_on": [],
                    "primary": {
                        "id": "projects/uob-tv-project-dev/serviceAccounts/video-proc-sa@uob-tv-project-dev.iam.gserviceaccount.com",
                        "attributes": {
                            "account_id": "video-proc-sa",
                            "display_name": "Video Processing Service Account",
                            "email": "video-proc-sa@uob-tv-project-dev.iam.gserviceaccount.com",
                            "id": "projects/uob-tv-project-dev/serviceAccounts/video-proc-sa@uob-tv-project-dev.iam.gserviceaccount.com",
                            "name": "projects/uob-tv-project-dev/serviceAccounts/video-proc-sa@uob-tv-project-dev.iam.gserviceaccount.com",
                            "project": "uob-tv-project-dev",
                            "unique_id": "108713435155508951032"
                        },
                        "meta": {},
                        "tainted": false
                    },
                    "deposed": [],
                    "provider": "provider.google"
                },
                "google_container_cluster.dev_cluster_1": {
                    "type": "google_container_cluster",
                    "depends_on": [],
                    "primary": {
                        "id": "dev-cluster-1",
                        "attributes": {
                            "additional_zones.#": "0",
                            "addons_config.#": "1",
                            "addons_config.0.horizontal_pod_autoscaling.#": "1",
                            "addons_config.0.horizontal_pod_autoscaling.0.disabled": "false",
                            "addons_config.0.http_load_balancing.#": "0",
                            "addons_config.0.kubernetes_dashboard.#": "1",
                            "addons_config.0.kubernetes_dashboard.0.disabled": "true",
                            "addons_config.0.network_policy_config.#": "1",
                            "addons_config.0.network_policy_config.0.disabled": "true",
                            "cluster_ipv4_cidr": "10.28.0.0/14",
                            "description": "",
                            "enable_binary_authorization": "false",
                            "enable_kubernetes_alpha": "false",
                            "enable_legacy_abac": "false",
                            "enable_tpu": "false",
                            "endpoint": "35.242.188.200",
                            "id": "dev-cluster-1",
                            "initial_node_count": "0",
                            "instance_group_urls.#": "2",
                            "instance_group_urls.0": "https://www.googleapis.com/compute/v1/projects/uob-tv-project-dev/zones/europe-west2-a/instanceGroups/gke-dev-cluster-1-default-pool-e24fae1e-grp",
                            "instance_group_urls.1": "https://www.googleapis.com/compute/v1/projects/uob-tv-project-dev/zones/europe-west2-a/instanceGroups/gke-dev-cluster-1-pool-1-376e28fe-grp",
                            "ip_allocation_policy.#": "0",
                            "logging_service": "logging.googleapis.com",
                            "maintenance_policy.#": "0",
                            "master_auth.#": "1",
                            "master_auth.0.client_certificate": "LS0tLS1CRUdJTiBDRVJUSUZJQ0FURS0tLS0tCk1JSUMyekNDQWNPZ0F3SUJBZ0lSQUt5c3dnTjAzR2NsRjJESGZPL29TU0F3RFFZSktvWklodmNOQVFFTEJRQXcKTHpFdE1Dc0dBMVVFQXhNa1pUWXlabUU1T1dJdE1EZzJNeTAwT0RBMUxXRTFaV010T1RrMk1XUTFaamhsTlRrNApNQjRYRFRFNE1UQXlPREF3TWpNeE0xb1hEVEl6TVRBeU56QXdNak14TTFvd0VURVBNQTBHQTFVRUF4TUdZMnhwClpXNTBNSUlCSWpBTkJna3Foa2lHOXcwQkFRRUZBQU9DQVE4QU1JSUJDZ0tDQVFFQW9DT09wN3R4ZUJBMW8yVDAKeUdNcG1lZ0pzSERxaDVoNTdNelNQbkZLR3hJK3lCeVlWNC9Ta3FQZHpjYnB5RVY2WTNlVDdYaVJRKzVMZmRjNApJaUFwc0lHbkFKSndiSU40R3liM1ZIczB2VmVOZEh3ZTRTTm13L2NKY3B6NkVWbm5KNEFIZERFc1BKckM2RlJRClZCQS9vTmxvRFloVjhuZlNRd0YyUWlKUHpWbmlCei94dzhWdFdzbHplbk5GYVRqWTNOVXBHZi9HckFXNGVqS3gKWDdXTDhPU254V00yaUxCaEhkWUU1MjF0cEtqQWsrT2NaMStPK1Y2TndlaVlWQzBSaXhLTlNBaHR5S0pUTlZSNgo2YUo3bVpOWjM4VVVZQmJsM3pYTWdnOFdqOWtJbXFlTDd4M2lzbFM2Y3BlV2NhQ2s4Vllnb3lvSmsrRnQwd1F5CkpBTWZHUUlEQVFBQm94QXdEakFNQmdOVkhSTUJBZjhFQWpBQU1BMEdDU3FHU0liM0RRRUJDd1VBQTRJQkFRQU8KdVFxS0pvNEdyL0lDU3A2MGlSdXR5ZDVFdTBQVjUzblJkSzE2Z2dwWTZZNHJ0ZDZROG5naVNlUUl5MFdtVWpNNQpEb2ZDZG45c1B5ZElIdUdISHplS2EvUlVWRjYrZ0NmUkd1YlRJNWo3eGhGcWkrQWFHY2NIc1lyV1N4eGZHOGY4Cmp4VVBPZHd6OEpsVlpJK0VaMGp5TU5xU01wc3ErVWZXMktNSjhKdklRR1RIcGNBc0xYK3JMNVJWejFmVFhrQ3oKS0NWamplWWlEQ2NTZHFyYnMrdVhVeEFwWHAvdTZZeUJXaUliY1NNb3l6WHZSaVZCMUpjOG5zSjQwT0dQVmpCYgpmbUs4dlhra2ROY01lZUIxb3VTZWxxVnZUd0dJNmxMcytRdXBKU3NuWlhqNjJxSWkzK1IraGlQcGkzd3dYbDNlCm9oYjUraFVlN3V0NkQzdFI0NU1QCi0tLS0tRU5EIENFUlRJRklDQVRFLS0tLS0K",
                            "master_auth.0.client_certificate_config.#": "0",
                            "master_auth.0.client_key": "LS0tLS1CRUdJTiBSU0EgUFJJVkFURSBLRVktLS0tLQpNSUlFb2dJQkFBS0NBUUVBb0NPT3A3dHhlQkExbzJUMHlHTXBtZWdKc0hEcWg1aDU3TXpTUG5GS0d4SSt5QnlZClY0L1NrcVBkemNicHlFVjZZM2VUN1hpUlErNUxmZGM0SWlBcHNJR25BSkp3YklONEd5YjNWSHMwdlZlTmRId2UKNFNObXcvY0pjcHo2RVZubko0QUhkREVzUEpyQzZGUlFWQkEvb05sb0RZaFY4bmZTUXdGMlFpSlB6Vm5pQnoveAp3OFZ0V3NsemVuTkZhVGpZM05VcEdmL0dyQVc0ZWpLeFg3V0w4T1NueFdNMmlMQmhIZFlFNTIxdHBLakFrK09jCloxK08rVjZOd2VpWVZDMFJpeEtOU0FodHlLSlROVlI2NmFKN21aTlozOFVVWUJibDN6WE1nZzhXajlrSW1xZUwKN3gzaXNsUzZjcGVXY2FDazhWWWdveW9KaytGdDB3UXlKQU1mR1FJREFRQUJBb0lCQUU3WGNzS3VESDE2TFk1VwpoQldzakt6VGl3R3RkaXB3TFljaWlGaHAybnhkalQ5a3BMUm5nTnJsaHF4clJHcHZtb1FpT1ZodlJjWFdLcUM0Ck4xREYyUUNudEpzWmZmUk8vZkVRVEREeHY5T0FxWW95R2RucVhnd1pNak9WaWFERlRJTXNDMzl2UGtKUVI2bXUKNlNXYUlsbUU4Qy9KY2RkQW11cVdhNnkveTk1am5KQ0lXVjBxSE9lNXZhZlVsTXJsM2E2Tjd0eWx6VzVZNHR6WQo4YzdMQ3hKNXlzak5VTU9XeUl4NkU5cjZLcVdzNHZQczgxeU1LQ2U2N3VFcUVMUFg3OCs1UEtLNnkvNWMwUThzCmZJRGdsMzBOR3Q2ZWVNS0xVbzhCTXpPZStET1JTVktxclM3VDRCVmdaa2FvSVNvUHZuKzFubitaYlF3bGNWOHkKUk52b3h3a0NnWUVBMkVmRHVvNFpXRHMvb1AyVFRuNHBPQU9mZHp6aGkvM1RicUQ4TVM4WnU0dzFVMFhXZkh2Rgp0bkFJYnVNWFZwcG9tUW9ic0xMN3U4cXVneEYxc1RCYlU4V2JlVTUrdzllcU5TVHMzVnU3SkZmcjFQcC9xVUpBClZPSER2blVIWmFFZWV2WmEvMDFaVkVmSHlpV2JJdndqMHJhZkkrRDBLcHJNWnJYaEs1UzVObzhDZ1lFQXZZeFoKMkordzYvWnZVOUR4TVR6UytkRkxiRDdzZTJ2TlF6ZTluTVU0OVBVTHhJR2t2UmNIT21zQ1lHUG8zM1NTRDRIcApQOWRkOXNxUk5JaGJ5THpFVGNMYXZpRHRSeXRITFVnYSthQkZMbzdBczlIYWxWMkFFNVQwdmk0bE9SdTRCZkF1CkpiTVNUWUY1NGtQVHVCSXhsZ3ZHcWRLQjhBQzZCekFtVDFSVFk5Y0NnWUI2dHhWZVIzd243TTRvaVZoSWhCcmQKRm1rbm5acVg5TGcvb0FZWDNoS3FzRjRkVnBYaFlkVUhzNytGTTBLdHQ4UzdlTm5IUTNiRDBiZDgxSzVEa0IxeApoY0MyYm94TWtKU1p2TTdNdGx5VHZYTXBEOHpaZTZiR3dxWnU3VFg2T3hYeFROREs1TmRYazdiUGd0RG9ZOG5yCnFBVFp0YXkwYzhxZ1NIaHZZdDVJRHdLQmdCd3RGdFg2dHdQOGVBUVBsU3JxamJvUkFKTXdyMXFSWmN2T0oyTjgKZGNFRUJDSEwyNzg0QXgwTjl5WjQ4NDd6OXhwVEIyYzBEb1czQ3VxeU1tS2VuTmVxVlhYWjB5dTNKVGQzOW5xUQo5bmU3UkszMlRmWFNGazNTNEthOG1VL3A3T3NGRHZjUHJYTFVBbGcrR09UTjM0MGNad1dyZ3lFNEdtOGpHeTdECnJEbTFBb0dBRUgrQ1R5Z3JmUnlUOFl0dkpuOTlUc05tNHN1RkJUa1BXdmZFUnl6WW41TnU4WHJOSkFjWFhDVVUKRmM0UUJKUHlOMTY1UkN5NnVGMkl6ZFRJdytodmZhdzhtZzNMV3FHeVBhbDBRUTE0Tm9qSkJ5MVZVTDZwOGNLaQpqR2ZKMHV1bzBxeFhuWXo3Um1zZjlhNDdOODNJUkFRS0lxZzNiWXVOR1F6TzZOaW1TaEE9Ci0tLS0tRU5EIFJTQSBQUklWQVRFIEtFWS0tLS0tCg==",
                            "master_auth.0.cluster_ca_certificate": "LS0tLS1CRUdJTiBDRVJUSUZJQ0FURS0tLS0tCk1JSURERENDQWZTZ0F3SUJBZ0lSQUpLd0JSaXplaVMyejUyTmcrdmJicmt3RFFZSktvWklodmNOQVFFTEJRQXcKTHpFdE1Dc0dBMVVFQXhNa1pUWXlabUU1T1dJdE1EZzJNeTAwT0RBMUxXRTFaV010T1RrMk1XUTFaamhsTlRrNApNQjRYRFRFNE1UQXlOekl6TWpNeE1sb1hEVEl6TVRBeU56QXdNak14TWxvd0x6RXRNQ3NHQTFVRUF4TWtaVFl5ClptRTVPV0l0TURnMk15MDBPREExTFdFMVpXTXRPVGsyTVdRMVpqaGxOVGs0TUlJQklqQU5CZ2txaGtpRzl3MEIKQVFFRkFBT0NBUThBTUlJQkNnS0NBUUVBdURZRnVqNC9vcmpBaCtUSFU5NUwwVEt0ekhJSHBMKzFCcUIvU2VBTwpIMC8vWmkrTHRvWEN4c0FHNHYxZ0dBL2ZNSzhYWWNJblN2Smg5VUEzUE1UMWgrblJ1WjlMRVM4MXVvMW9ydEZMCmplOHVHc0x3eU1tdmtTZFlUaDcrSTlFS095STBvN2IzcmZnb2FIemtydmlqM2ZQUC9HR3FNNFRDb3JrK0ZEUjYKcTRhQ3o5NC80YWVOTzRoYjdVanBvU1ZxMzFDS2hSSEtra1R5aTF2K29KdFg3dUcwRXZvcGI4U2tLNTdFcFlVZApMM3c2UXQvSXVxbVZLZlU0aHN1WDR0ck5LMW1IaGZ2ZHBMejI0dHhvSUp6Z3VWTlZNRW93TEVuYXB4UmxRRnFBCmhvNzhEb3ZTNXBORHpoaVdvVVVFT1lLd1ZFbHF3QVdlUURoRjF2MGR3TUlVT1FJREFRQUJveU13SVRBT0JnTlYKSFE4QkFmOEVCQU1DQWdRd0R3WURWUjBUQVFIL0JBVXdBd0VCL3pBTkJna3Foa2lHOXcwQkFRc0ZBQU9DQVFFQQpyMjVzVGRrN2R0ZHRyWVNYUGgrWFZqeDN4UVhWNFJHVXVCc3lvRm84N2RMK2VrOENkeXV0T1crTmFHWDlvME1BCmQwNUZoYUxNZFplaEwyam53TENsL2hQZXorTnZ1Z0R4akxuVXZjZXdVMW1oZ2hsYlZVTHJqaUxaQTlNT1Z5SzUKUUpsRVpMcWk1RE9LL2NKVTlobVdzMWdtZVpOcVNIK1hJdjNIOVJ2TGxQQ3NDcjBOcmt1WG9ra1JZdXlVRXZaOQpESy9UNWhBT2U5VTFNelJHZWVZVWh1UDYrM05iSTJqS2pCVmJsSUVOc0RPOGJ3blFrMjEvdmlsbUM2SXBZNFlRCmExcXc1L3Q0ZkUyM3JncUVnZTJ0UGxOWmJZMVRDTFd6OGoveElpQ3hFbTB5MzUvRFBTSkptME4zai8wSGJSSGEKOVVrTjNuRlFLMFllSEhFK2M3ZzlFQT09Ci0tLS0tRU5EIENFUlRJRklDQVRFLS0tLS0K",
                            "master_auth.0.password": "ZSOXghkQyGzs13NX",
                            "master_auth.0.username": "admin",
                            "master_authorized_networks_config.#": "0",
                            "master_ipv4_cidr_block": "",
                            "master_version": "1.10.7-gke.11",
                            "min_master_version": "1.10.7-gke.6",
                            "monitoring_service": "monitoring.googleapis.com",
                            "name": "dev-cluster-1",
                            "network": "projects/uob-tv-project-dev/global/networks/default",
                            "network_policy.#": "1",
                            "network_policy.0.enabled": "false",
                            "network_policy.0.provider": "PROVIDER_UNSPECIFIED",
                            "node_config.#": "1",
                            "node_config.0.disk_size_gb": "100",
                            "node_config.0.disk_type": "pd-standard",
                            "node_config.0.guest_accelerator.#": "0",
                            "node_config.0.image_type": "COS",
                            "node_config.0.labels.%": "0",
                            "node_config.0.local_ssd_count": "0",
                            "node_config.0.machine_type": "n1-standard-1",
                            "node_config.0.metadata.%": "0",
                            "node_config.0.min_cpu_platform": "",
                            "node_config.0.oauth_scopes.#": "6",
                            "node_config.0.oauth_scopes.1277378754": "https://www.googleapis.com/auth/monitoring",
                            "node_config.0.oauth_scopes.1632638332": "https://www.googleapis.com/auth/devstorage.read_only",
                            "node_config.0.oauth_scopes.172152165": "https://www.googleapis.com/auth/logging.write",
                            "node_config.0.oauth_scopes.316356861": "https://www.googleapis.com/auth/service.management.readonly",
                            "node_config.0.oauth_scopes.3663490875": "https://www.googleapis.com/auth/servicecontrol",
                            "node_config.0.oauth_scopes.3859019814": "https://www.googleapis.com/auth/trace.append",
                            "node_config.0.preemptible": "false",
                            "node_config.0.service_account": "default",
                            "node_config.0.tags.#": "0",
                            "node_config.0.taint.#": "0",
                            "node_config.0.workload_metadata_config.#": "0",
                            "node_pool.#": "2",
                            "node_pool.0.autoscaling.#": "0",
                            "node_pool.0.initial_node_count": "0",
                            "node_pool.0.instance_group_urls.#": "1",
                            "node_pool.0.instance_group_urls.0": "https://www.googleapis.com/compute/v1/projects/uob-tv-project-dev/zones/europe-west2-a/instanceGroupManagers/gke-dev-cluster-1-default-pool-e24fae1e-grp",
                            "node_pool.0.management.#": "1",
                            "node_pool.0.management.0.auto_repair": "false",
                            "node_pool.0.management.0.auto_upgrade": "false",
                            "node_pool.0.max_pods_per_node": "0",
                            "node_pool.0.name": "default-pool",
                            "node_pool.0.name_prefix": "",
                            "node_pool.0.node_config.#": "1",
                            "node_pool.0.node_config.0.disk_size_gb": "100",
                            "node_pool.0.node_config.0.disk_type": "pd-standard",
                            "node_pool.0.node_config.0.guest_accelerator.#": "0",
                            "node_pool.0.node_config.0.image_type": "COS",
                            "node_pool.0.node_config.0.labels.%": "0",
                            "node_pool.0.node_config.0.local_ssd_count": "0",
                            "node_pool.0.node_config.0.machine_type": "n1-standard-1",
                            "node_pool.0.node_config.0.metadata.%": "0",
                            "node_pool.0.node_config.0.min_cpu_platform": "",
                            "node_pool.0.node_config.0.oauth_scopes.#": "6",
                            "node_pool.0.node_config.0.oauth_scopes.1277378754": "https://www.googleapis.com/auth/monitoring",
                            "node_pool.0.node_config.0.oauth_scopes.1632638332": "https://www.googleapis.com/auth/devstorage.read_only",
                            "node_pool.0.node_config.0.oauth_scopes.172152165": "https://www.googleapis.com/auth/logging.write",
                            "node_pool.0.node_config.0.oauth_scopes.316356861": "https://www.googleapis.com/auth/service.management.readonly",
                            "node_pool.0.node_config.0.oauth_scopes.3663490875": "https://www.googleapis.com/auth/servicecontrol",
                            "node_pool.0.node_config.0.oauth_scopes.3859019814": "https://www.googleapis.com/auth/trace.append",
                            "node_pool.0.node_config.0.preemptible": "false",
                            "node_pool.0.node_config.0.service_account": "default",
                            "node_pool.0.node_config.0.tags.#": "0",
                            "node_pool.0.node_config.0.taint.#": "0",
                            "node_pool.0.node_config.0.workload_metadata_config.#": "0",
                            "node_pool.0.node_count": "0",
                            "node_pool.0.version": "1.10.7-gke.6",
                            "node_pool.1.autoscaling.#": "1",
                            "node_pool.1.autoscaling.0.max_node_count": "5",
                            "node_pool.1.autoscaling.0.min_node_count": "1",
                            "node_pool.1.initial_node_count": "0",
                            "node_pool.1.instance_group_urls.#": "1",
                            "node_pool.1.instance_group_urls.0": "https://www.googleapis.com/compute/v1/projects/uob-tv-project-dev/zones/europe-west2-a/instanceGroupManagers/gke-dev-cluster-1-pool-1-376e28fe-grp",
                            "node_pool.1.management.#": "1",
                            "node_pool.1.management.0.auto_repair": "false",
                            "node_pool.1.management.0.auto_upgrade": "false",
                            "node_pool.1.max_pods_per_node": "0",
                            "node_pool.1.name": "pool-1",
                            "node_pool.1.name_prefix": "",
                            "node_pool.1.node_config.#": "1",
                            "node_pool.1.node_config.0.disk_size_gb": "30",
                            "node_pool.1.node_config.0.disk_type": "pd-standard",
                            "node_pool.1.node_config.0.guest_accelerator.#": "0",
                            "node_pool.1.node_config.0.image_type": "COS",
                            "node_pool.1.node_config.0.labels.%": "0",
                            "node_pool.1.node_config.0.local_ssd_count": "0",
                            "node_pool.1.node_config.0.machine_type": "n1-standard-1",
                            "node_pool.1.node_config.0.metadata.%": "0",
                            "node_pool.1.node_config.0.min_cpu_platform": "",
                            "node_pool.1.node_config.0.oauth_scopes.#": "5",
                            "node_pool.1.node_config.0.oauth_scopes.1277378754": "https://www.googleapis.com/auth/monitoring",
                            "node_pool.1.node_config.0.oauth_scopes.1328717722": "https://www.googleapis.com/auth/devstorage.read_write",
                            "node_pool.1.node_config.0.oauth_scopes.172152165": "https://www.googleapis.com/auth/logging.write",
                            "node_pool.1.node_config.0.oauth_scopes.299962681": "https://www.googleapis.com/auth/compute",
                            "node_pool.1.node_config.0.oauth_scopes.4002673104": "https://www.googleapis.com/auth/pubsub",
                            "node_pool.1.node_config.0.preemptible": "false",
                            "node_pool.1.node_config.0.service_account": "default",
                            "node_pool.1.node_config.0.tags.#": "0",
                            "node_pool.1.node_config.0.taint.#": "0",
                            "node_pool.1.node_config.0.workload_metadata_config.#": "0",
                            "node_pool.1.node_count": "0",
                            "node_pool.1.version": "1.10.7-gke.11",
                            "node_version": "1.10.7-gke.6",
                            "pod_security_policy_config.#": "0",
                            "private_cluster": "false",
                            "project": "uob-tv-project-dev",
                            "resource_labels.%": "0",
                            "subnetwork": "projects/uob-tv-project-dev/regions/europe-west2/subnetworks/default",
                            "zone": "europe-west2-a"
                        },
                        "meta": {
                            "e2bfb730-ecaa-11e6-8f88-34363bc7c4c0": {
                                "create": 1800000000000,
                                "delete": 1800000000000,
                                "update": 600000000000
                            },
                            "schema_version": "1"
                        },
                        "tainted": false
                    },
                    "deposed": [],
                    "provider": "provider.google"
                },
                "google_container_node_pool.pool_1": {
                    "type": "google_container_node_pool",
                    "depends_on": [
                        "google_container_cluster.dev_cluster_1"
                    ],
                    "primary": {
                        "id": "europe-west2-a/dev-cluster-1/pool-1",
                        "attributes": {
                            "autoscaling.#": "1",
                            "autoscaling.0.max_node_count": "5",
                            "autoscaling.0.min_node_count": "1",
                            "cluster": "dev-cluster-1",
                            "id": "europe-west2-a/dev-cluster-1/pool-1",
                            "initial_node_count": "0",
                            "instance_group_urls.#": "1",
                            "instance_group_urls.0": "https://www.googleapis.com/compute/v1/projects/uob-tv-project-dev/zones/europe-west2-a/instanceGroupManagers/gke-dev-cluster-1-pool-1-376e28fe-grp",
                            "management.#": "1",
                            "management.0.auto_repair": "false",
                            "management.0.auto_upgrade": "false",
                            "name": "pool-1",
                            "name_prefix": "",
                            "node_config.#": "1",
                            "node_config.0.disk_size_gb": "30",
                            "node_config.0.disk_type": "pd-standard",
                            "node_config.0.guest_accelerator.#": "0",
                            "node_config.0.image_type": "COS",
                            "node_config.0.labels.%": "0",
                            "node_config.0.local_ssd_count": "0",
                            "node_config.0.machine_type": "n1-standard-1",
                            "node_config.0.metadata.%": "0",
                            "node_config.0.min_cpu_platform": "",
                            "node_config.0.oauth_scopes.#": "5",
                            "node_config.0.oauth_scopes.1277378754": "https://www.googleapis.com/auth/monitoring",
                            "node_config.0.oauth_scopes.1328717722": "https://www.googleapis.com/auth/devstorage.read_write",
                            "node_config.0.oauth_scopes.172152165": "https://www.googleapis.com/auth/logging.write",
                            "node_config.0.oauth_scopes.299962681": "https://www.googleapis.com/auth/compute",
                            "node_config.0.oauth_scopes.4002673104": "https://www.googleapis.com/auth/pubsub",
                            "node_config.0.preemptible": "false",
                            "node_config.0.service_account": "default",
                            "node_config.0.tags.#": "0",
                            "node_config.0.taint.#": "0",
                            "node_config.0.workload_metadata_config.#": "0",
                            "node_count": "0",
                            "project": "uob-tv-project-dev",
                            "version": "1.10.7-gke.11",
                            "zone": "europe-west2-a"
                        },
                        "meta": {
                            "e2bfb730-ecaa-11e6-8f88-34363bc7c4c0": {
                                "create": 1800000000000,
                                "delete": 600000000000,
                                "update": 600000000000
                            },
                            "schema_version": "1"
                        },
                        "tainted": false
                    },
                    "deposed": [],
                    "provider": "provider.google"
                },
                "google_dns_managed_zone.ubo-tv-internal-zone": {
                    "type": "google_dns_managed_zone",
                    "depends_on": [],
                    "primary": {
                        "id": "uob-tv-internal-zone",
                        "attributes": {
                            "description": "Managed by Terraform",
                            "dns_name": "internal.uob.tv.",
                            "id": "uob-tv-internal-zone",
                            "labels.%": "0",
                            "name": "uob-tv-internal-zone",
                            "name_servers.#": "4",
                            "name_servers.0": "ns-cloud-a1.googledomains.com.",
                            "name_servers.1": "ns-cloud-a2.googledomains.com.",
                            "name_servers.2": "ns-cloud-a3.googledomains.com.",
                            "name_servers.3": "ns-cloud-a4.googledomains.com.",
                            "project": "uob-tv-project-dev"
                        },
                        "meta": {},
                        "tainted": false
                    },
                    "deposed": [],
                    "provider": "provider.google"
                },
                "google_dns_managed_zone.ubo-tv-public-zone": {
                    "type": "google_dns_managed_zone",
                    "depends_on": [],
                    "primary": {
                        "id": "uob-tv-public-zone",
                        "attributes": {
                            "description": "Managed by Terraform",
                            "dns_name": "uob.tv.",
                            "id": "uob-tv-public-zone",
                            "labels.%": "0",
                            "name": "uob-tv-public-zone",
                            "name_servers.#": "4",
                            "name_servers.0": "ns-cloud-b1.googledomains.com.",
                            "name_servers.1": "ns-cloud-b2.googledomains.com.",
                            "name_servers.2": "ns-cloud-b3.googledomains.com.",
                            "name_servers.3": "ns-cloud-b4.googledomains.com.",
                            "project": "uob-tv-project-dev"
                        },
                        "meta": {},
                        "tainted": false
                    },
                    "deposed": [],
                    "provider": "provider.google"
                },
                "google_project_services.project": {
                    "type": "google_project_services",
                    "depends_on": [],
                    "primary": {
                        "id": "uob-tv-project-dev",
                        "attributes": {
                            "disable_on_destroy": "true",
                            "id": "uob-tv-project-dev",
                            "project": "uob-tv-project-dev",
                            "services.#": "26",
                            "services.133405307": "storage-component.googleapis.com",
                            "services.1560437671": "iam.googleapis.com",
                            "services.1568433289": "oslogin.googleapis.com",
                            "services.1610229196": "bigquery-json.googleapis.com",
                            "services.1712537408": "containerregistry.googleapis.com",
                            "services.1793140363": "clouddebugger.googleapis.com",
                            "services.1954675454": "serviceusage.googleapis.com",
                            "services.2117420113": "pubsub.googleapis.com",
                            "services.2176421926": "cloudkms.googleapis.com",
                            "services.2240314979": "compute.googleapis.com",
                            "services.238136042": "cloudapis.googleapis.com",
                            "services.2471815660": "servicemanagement.googleapis.com",
                            "services.2928564140": "dns.googleapis.com",
                            "services.2993626976": "iap.googleapis.com",
                            "services.323125032": "cloudtrace.googleapis.com",
                            "services.3237295688": "monitoring.googleapis.com",
                            "services.3315898634": "clouderrorreporting.googleapis.com",
                            "services.3355193353": "logging.googleapis.com",
                            "services.3604209692": "iamcredentials.googleapis.com",
                            "services.3644083179": "cloudresourcemanager.googleapis.com",
                            "services.3740470850": "container.googleapis.com",
                            "services.3875785048": "storage-api.googleapis.com",
                            "services.3899772697": "cloudfunctions.googleapis.com",
                            "services.3902838863": "cloudbilling.googleapis.com",
                            "services.77316126": "sql-component.googleapis.com",
                            "services.932568001": "datastore.googleapis.com"
                        },
                        "meta": {},
                        "tainted": false
                    },
                    "deposed": [],
                    "provider": "provider.google"
                },
                "google_pubsub_subscription.video-proc-workers-subscription": {
                    "type": "google_pubsub_subscription",
                    "depends_on": [
                        "google_pubsub_topic.video-jobs-topic"
                    ],
                    "primary": {
                        "id": "projects/uob-tv-project-dev/subscriptions/video-proc-workers-subscription",
                        "attributes": {
                            "ack_deadline_seconds": "60",
                            "id": "projects/uob-tv-project-dev/subscriptions/video-proc-workers-subscription",
                            "name": "video-proc-workers-subscription",
                            "path": "projects/uob-tv-project-dev/subscriptions/video-proc-workers-subscription",
                            "project": "uob-tv-project-dev",
                            "push_config.#": "0",
                            "topic": "projects/uob-tv-project-dev/topics/video-proc-jobs-topic"
                        },
                        "meta": {},
                        "tainted": false
                    },
                    "deposed": [],
                    "provider": "provider.google"
                },
                "google_pubsub_topic.video-jobs-topic": {
                    "type": "google_pubsub_topic",
                    "depends_on": [],
                    "primary": {
                        "id": "projects/uob-tv-project-dev/topics/video-proc-jobs-topic",
                        "attributes": {
                            "id": "projects/uob-tv-project-dev/topics/video-proc-jobs-topic",
                            "name": "video-proc-jobs-topic",
                            "project": "uob-tv-project-dev"
                        },
                        "meta": {},
                        "tainted": false
                    },
                    "deposed": [],
                    "provider": "provider.google"
                },
                "google_storage_bucket.uob-tv-infra-store": {
                    "type": "google_storage_bucket",
                    "depends_on": [],
                    "primary": {
                        "id": "uob-tv-infra",
                        "attributes": {
                            "cors.#": "0",
                            "encryption.#": "0",
                            "force_destroy": "false",
                            "id": "uob-tv-infra",
                            "labels.%": "0",
                            "lifecycle_rule.#": "0",
                            "location": "EUROPE-WEST2",
                            "logging.#": "0",
                            "name": "uob-tv-infra",
                            "project": "uob-tv-project-dev",
                            "self_link": "https://www.googleapis.com/storage/v1/b/uob-tv-infra",
                            "storage_class": "REGIONAL",
                            "url": "gs://uob-tv-infra",
                            "versioning.#": "1",
                            "versioning.0.enabled": "false"
                        },
                        "meta": {},
                        "tainted": false
                    },
                    "deposed": [],
                    "provider": "provider.google"
                },
                "google_storage_bucket.uob-tv-videos-public-store": {
                    "type": "google_storage_bucket",
                    "depends_on": [],
                    "primary": {
                        "id": "uob-tv-videos-public",
                        "attributes": {
                            "cors.#": "1",
                            "cors.0.max_age_seconds": "3600",
                            "cors.0.method.#": "2",
                            "cors.0.method.0": "GET",
                            "cors.0.method.1": "HEAD",
                            "cors.0.origin.#": "1",
                            "cors.0.origin.0": "*",
                            "cors.0.response_header.#": "1",
                            "cors.0.response_header.0": "Content-Type",
                            "encryption.#": "0",
                            "force_destroy": "false",
                            "id": "uob-tv-videos-public",
                            "labels.%": "0",
                            "lifecycle_rule.#": "0",
                            "location": "EUROPE-WEST2",
                            "logging.#": "0",
                            "name": "uob-tv-videos-public",
                            "project": "uob-tv-project-dev",
                            "self_link": "https://www.googleapis.com/storage/v1/b/uob-tv-videos-public",
                            "storage_class": "REGIONAL",
                            "url": "gs://uob-tv-videos-public",
                            "versioning.#": "1",
                            "versioning.0.enabled": "false"
                        },
                        "meta": {},
                        "tainted": false
                    },
                    "deposed": [],
                    "provider": "provider.google"
                },
                "google_storage_bucket.uob-tv-videos-store": {
                    "type": "google_storage_bucket",
                    "depends_on": [],
                    "primary": {
                        "id": "uob-tv-videos",
                        "attributes": {
                            "cors.#": "0",
                            "encryption.#": "0",
                            "force_destroy": "false",
                            "id": "uob-tv-videos",
                            "labels.%": "0",
                            "lifecycle_rule.#": "0",
                            "location": "EUROPE-WEST2",
                            "logging.#": "0",
                            "name": "uob-tv-videos",
                            "project": "uob-tv-project-dev",
                            "self_link": "https://www.googleapis.com/storage/v1/b/uob-tv-videos",
                            "storage_class": "NEARLINE",
                            "url": "gs://uob-tv-videos",
                            "versioning.#": "1",
                            "versioning.0.enabled": "false"
                        },
                        "meta": {},
                        "tainted": false
                    },
                    "deposed": [],
                    "provider": "provider.google"
                },
                "google_storage_bucket_acl.uob-tv-videos-store-acl": {
                    "type": "google_storage_bucket_acl",
                    "depends_on": [
                        "google_storage_bucket.uob-tv-videos-store"
                    ],
                    "primary": {
                        "id": "uob-tv-vidoes-acl",
                        "attributes": {
                            "bucket": "uob-tv-videos",
                            "id": "uob-tv-vidoes-acl",
                            "role_entity.#": "0"
                        },
                        "meta": {},
                        "tainted": false
                    },
                    "deposed": [],
                    "provider": "provider.google"
                },
                "google_storage_default_object_acl.uob-tv-videos-public-default-acl": {
                    "type": "google_storage_default_object_acl",
                    "depends_on": [
                        "google_storage_bucket.uob-tv-videos-public-store"
                    ],
                    "primary": {
                        "id": "uob-tv-videos-public",
                        "attributes": {
                            "bucket": "uob-tv-videos-public",
                            "id": "uob-tv-videos-public",
                            "role_entity.#": "1",
                            "role_entity.0": "READER:allUsers"
                        },
                        "meta": {},
                        "tainted": false
                    },
                    "deposed": [],
                    "provider": "provider.google"
                },
                "kubernetes_secret.video-proc-sa-credential": {
                    "type": "kubernetes_secret",
                    "depends_on": [
                        "google_service_account_key.video-proc-sa-key"
                    ],
                    "primary": {
                        "id": "default/google-application-credentials",
                        "attributes": {
                            "data.%": "1",
                            "data.credentials.json": "{\n  \"type\": \"service_account\",\n  \"project_id\": \"uob-tv-project-dev\",\n  \"private_key_id\": \"909e9f8d792e6fa2d1d1ed17b003a45a94e5a569\",\n  \"private_key\": \"-----BEGIN PRIVATE KEY-----\\nMIIEvQIBADANBgkqhkiG9w0BAQEFAASCBKcwggSjAgEAAoIBAQCXGRb3xDY3YTsD\\noLWhxwoVL+4TFDPtYozisli/+HwGDBxHs/d9NmJEWulj2mbjdIXtOLvWj4nbg6IA\\nZIKxCjENEdIcnGlj9/Z8C1fAPZGUEwalN3MpftiXhtswtcuFTffec2nB7jkRuFy6\\n5LQOVngkxjzBbUyrixipFRssHYXpOPQpLpcEKlKtswHF9Oen8KLzGQ0fVfi6mWfW\\n+YwkVBgY2HElL99iCmKOp4URy8dlTFEdcPLvXDaUKj/w8R8SUSYfDjHhwTG29aVc\\n/NxPtch3YMjn0HZ68u6SmiXk6WJCWmlCpDXGZ6qQqip79sE1353jpsUpQBSj8eeZ\\nwi15gqZXAgMBAAECggEAGOAnEVxqxpxJ0HOVY5B2vv04l0iEsgi/BBVzmgtJM9+r\\nijx9Os6IyBMliGxs8vZ8lAz6k7zm585YjfL+NzJj1/B+pHo1uaEZodtmM36PaI7n\\nUaz61zKMawnnLTJI0uX+sE9U8noLSDkPfy9m21NuDTPbzcZ2UGmigje41P75TGd0\\nuiBe5BnCilJ20V7IKxcmvFBkymYAVDYUBGLdTp5x4BwFCtTw7Q1wzvNCtCHBOQgF\\ndFC6RnvyUEULTxSYUdgdv3SSbB1MQ6wFSUc/YirrW89WOoSfNRsGepxGZ8ZX2ldt\\n1WLHXsBWNQG2ePqrGOMT7Fr87U6tEzpTIOypF3AUPQKBgQDIMrFluBGOJrUKYSNu\\nXY7gKeIYH/MzaSH/l76Z3bP7ejpwxX8en27z4MFttZhJWkimQFlW9IqtTDskyGX5\\nY+yOe0SKZ7UCCdSbUu105iFpZs60xh1No081C4dIdIppop2XKzwveu/Tt/GgKyeE\\nrI56+il6UjLPyBT3flReKbjhJQKBgQDBNtJlHgEAgbNs55L5/9xBJMwEmlakGIAr\\nOPsnAk9hr9twNqS9uSrE4ZkI79SBc/CvtTD7oRQeTcAdBJmKM31id2YxyZwv19Sa\\nutwCB6nzQbdLDPphx/x5AuXOtx5J+ouMQY3l92MsmU0VDavYnyQzzp73Pl4b34Tz\\nWg+OCXhGywKBgCaw9WwNSQdKH88juu9HkadtMM8szZnwBawaLbIbEP/XPZgx80F9\\n2rmzhG6pnAcBNe07noiZtnuLshqHyH2MfFmFJVgCdw8vyzFBs7bWCzsNrYFukJdC\\nqro7wieUrnOABCkFKBqdDeDDOiWUcYzItLi7xGxpmnxh1PuIJNIWCi8pAoGBAL9n\\narfnKEDzO+cH5W8py2zxYfaxWmFHMDkhQpRbUn5Icw9P4pVcSQUvI6ZZx9/SFj5K\\nNdMguEho54cXlm71ISIZfDCYM9SlcCU0NV0BcJfdoxGDMssJDZBnkXbdqvDIddOk\\n4UhOcX2uBFF18KYwyPFVn974dswP+qoEruIbeX5PAoGAZCodEdTMHoUZSGWC6D9L\\nE9Qx1OuOXn3LXn+YR7P4JsTVyUo0C6NvOkGXxKEEPr9Knd0Ok8tkJX7ppBvbY+1u\\ndUOBS/YkXIAxcwZFkfqD3SlwJjZ/cou7TyP3UyjJVdfnOr040esQGxUmVdNxACeq\\nZmuz/tiVlloGFwwv/mELjto=\\n-----END PRIVATE KEY-----\\n\",\n  \"client_email\": \"video-proc-sa@uob-tv-project-dev.iam.gserviceaccount.com\",\n  \"client_id\": \"117175032175813475886\",\n  \"auth_uri\": \"https://accounts.google.com/o/oauth2/auth\",\n  \"token_uri\": \"https://oauth2.googleapis.com/token\",\n  \"auth_provider_x509_cert_url\": \"https://www.googleapis.com/oauth2/v1/certs\",\n  \"client_x509_cert_url\": \"https://www.googleapis.com/robot/v1/metadata/x509/video-proc-sa%40uob-tv-project-dev.iam.gserviceaccount.com\"\n}\n",
                            "id": "default/google-application-credentials",
                            "metadata.#": "1",
                            "metadata.0.annotations.%": "0",
                            "metadata.0.generate_name": "",
                            "metadata.0.generation": "0",
                            "metadata.0.labels.%": "0",
                            "metadata.0.name": "google-application-credentials",
                            "metadata.0.namespace": "default",
                            "metadata.0.resource_version": "4797076",
                            "metadata.0.self_link": "/api/v1/namespaces/default/secrets/google-application-credentials",
                            "metadata.0.uid": "77ee9754-f73a-11e8-a56c-42010a9a002c",
                            "type": "Opaque"
                        },
                        "meta": {},
                        "tainted": false
                    },
                    "deposed": [],
                    "provider": "provider.kubernetes"
                }
            },
            "depends_on": []
        }
    ]
}
