{
    "version": 3,
    "terraform_version": "0.11.7",
    "serial": 7,
    "lineage": "682b2707-33e5-053a-98ea-9fc82e4be429",
    "modules": [
        {
            "path": [
                "root"
            ],
            "outputs": {
                "network_perf_n1_std_1_ip": {
                    "sensitive": false,
                    "type": "string",
                    "value": "10.154.0.3"
                },
                "network_perf_n1_std_2_ip": {
                    "sensitive": false,
                    "type": "string",
                    "value": "10.154.0.5"
                },
                "network_perf_server_ip": {
                    "sensitive": false,
                    "type": "string",
                    "value": "10.154.0.4"
                }
            },
            "resources": {
                "google_compute_instance.iperf_client_n1_std_1": {
                    "type": "google_compute_instance",
                    "depends_on": [],
                    "primary": {
                        "id": "network-perf-test-n1-std-1",
                        "attributes": {
                            "attached_disk.#": "0",
                            "boot_disk.#": "1",
                            "boot_disk.0.auto_delete": "true",
                            "boot_disk.0.device_name": "persistent-disk-0",
                            "boot_disk.0.disk_encryption_key_raw": "",
                            "boot_disk.0.disk_encryption_key_sha256": "",
                            "boot_disk.0.initialize_params.#": "1",
                            "boot_disk.0.initialize_params.0.image": "https://www.googleapis.com/compute/v1/projects/ubuntu-os-cloud/global/images/ubuntu-1804-bionic-v20181222",
                            "boot_disk.0.initialize_params.0.size": "10",
                            "boot_disk.0.initialize_params.0.type": "pd-standard",
                            "boot_disk.0.source": "https://www.googleapis.com/compute/v1/projects/uob-tv-project-dev/zones/europe-west2-a/disks/network-perf-test-n1-std-1",
                            "can_ip_forward": "false",
                            "cpu_platform": "Intel Broadwell",
                            "create_timeout": "4",
                            "deletion_protection": "false",
                            "guest_accelerator.#": "0",
                            "id": "network-perf-test-n1-std-1",
                            "instance_id": "1326833936727265960",
                            "label_fingerprint": "42WmSpB8rSM=",
                            "labels.%": "0",
                            "machine_type": "n1-standard-1",
                            "metadata.%": "0",
                            "metadata_fingerprint": "aD-f6g8YOCY=",
                            "metadata_startup_script": "        #!/bin/bash\n        sudo apt-get update -y\n        sudo apt-get install -y iperf3\n    ",
                            "min_cpu_platform": "",
                            "name": "network-perf-test-n1-std-1",
                            "network_interface.#": "1",
                            "network_interface.0.access_config.#": "1",
                            "network_interface.0.access_config.0.assigned_nat_ip": "35.246.104.225",
                            "network_interface.0.access_config.0.nat_ip": "35.246.104.225",
                            "network_interface.0.access_config.0.network_tier": "PREMIUM",
                            "network_interface.0.access_config.0.public_ptr_domain_name": "",
                            "network_interface.0.address": "10.154.0.3",
                            "network_interface.0.alias_ip_range.#": "0",
                            "network_interface.0.name": "nic0",
                            "network_interface.0.network": "https://www.googleapis.com/compute/v1/projects/uob-tv-project-dev/global/networks/default",
                            "network_interface.0.network_ip": "10.154.0.3",
                            "network_interface.0.subnetwork": "https://www.googleapis.com/compute/v1/projects/uob-tv-project-dev/regions/europe-west2/subnetworks/default",
                            "network_interface.0.subnetwork_project": "uob-tv-project-dev",
                            "project": "uob-tv-project-dev",
                            "scheduling.#": "1",
                            "scheduling.0.automatic_restart": "false",
                            "scheduling.0.on_host_maintenance": "MIGRATE",
                            "scheduling.0.preemptible": "false",
                            "scratch_disk.#": "0",
                            "self_link": "https://www.googleapis.com/compute/v1/projects/uob-tv-project-dev/zones/europe-west2-a/instances/network-perf-test-n1-std-1",
                            "service_account.#": "0",
                            "tags.#": "0",
                            "tags_fingerprint": "42WmSpB8rSM=",
                            "zone": "europe-west2-a"
                        },
                        "meta": {
                            "e2bfb730-ecaa-11e6-8f88-34363bc7c4c0": {
                                "create": 360000000000,
                                "delete": 360000000000,
                                "update": 360000000000
                            },
                            "schema_version": "6"
                        },
                        "tainted": false
                    },
                    "deposed": [],
                    "provider": "provider.google"
                },
                "google_compute_instance.iperf_client_n1_std_2": {
                    "type": "google_compute_instance",
                    "depends_on": [],
                    "primary": {
                        "id": "network-perf-test-n1-std-2",
                        "attributes": {
                            "attached_disk.#": "0",
                            "boot_disk.#": "1",
                            "boot_disk.0.auto_delete": "true",
                            "boot_disk.0.device_name": "persistent-disk-0",
                            "boot_disk.0.disk_encryption_key_raw": "",
                            "boot_disk.0.disk_encryption_key_sha256": "",
                            "boot_disk.0.initialize_params.#": "1",
                            "boot_disk.0.initialize_params.0.image": "https://www.googleapis.com/compute/v1/projects/ubuntu-os-cloud/global/images/ubuntu-1804-bionic-v20181222",
                            "boot_disk.0.initialize_params.0.size": "10",
                            "boot_disk.0.initialize_params.0.type": "pd-standard",
                            "boot_disk.0.source": "https://www.googleapis.com/compute/v1/projects/uob-tv-project-dev/zones/europe-west2-a/disks/network-perf-test-n1-std-2",
                            "can_ip_forward": "false",
                            "cpu_platform": "Intel Broadwell",
                            "create_timeout": "4",
                            "deletion_protection": "false",
                            "guest_accelerator.#": "0",
                            "id": "network-perf-test-n1-std-2",
                            "instance_id": "8038062344973046640",
                            "label_fingerprint": "42WmSpB8rSM=",
                            "labels.%": "0",
                            "machine_type": "n1-standard-2",
                            "metadata.%": "0",
                            "metadata_fingerprint": "aD-f6g8YOCY=",
                            "metadata_startup_script": "        #!/bin/bash\n        sudo apt-get update -y\n        sudo apt-get install -y iperf3\n    ",
                            "min_cpu_platform": "",
                            "name": "network-perf-test-n1-std-2",
                            "network_interface.#": "1",
                            "network_interface.0.access_config.#": "1",
                            "network_interface.0.access_config.0.assigned_nat_ip": "35.242.149.3",
                            "network_interface.0.access_config.0.nat_ip": "35.242.149.3",
                            "network_interface.0.access_config.0.network_tier": "PREMIUM",
                            "network_interface.0.access_config.0.public_ptr_domain_name": "",
                            "network_interface.0.address": "10.154.0.5",
                            "network_interface.0.alias_ip_range.#": "0",
                            "network_interface.0.name": "nic0",
                            "network_interface.0.network": "https://www.googleapis.com/compute/v1/projects/uob-tv-project-dev/global/networks/default",
                            "network_interface.0.network_ip": "10.154.0.5",
                            "network_interface.0.subnetwork": "https://www.googleapis.com/compute/v1/projects/uob-tv-project-dev/regions/europe-west2/subnetworks/default",
                            "network_interface.0.subnetwork_project": "uob-tv-project-dev",
                            "project": "uob-tv-project-dev",
                            "scheduling.#": "1",
                            "scheduling.0.automatic_restart": "false",
                            "scheduling.0.on_host_maintenance": "MIGRATE",
                            "scheduling.0.preemptible": "false",
                            "scratch_disk.#": "0",
                            "self_link": "https://www.googleapis.com/compute/v1/projects/uob-tv-project-dev/zones/europe-west2-a/instances/network-perf-test-n1-std-2",
                            "service_account.#": "0",
                            "tags.#": "0",
                            "tags_fingerprint": "42WmSpB8rSM=",
                            "zone": "europe-west2-a"
                        },
                        "meta": {
                            "e2bfb730-ecaa-11e6-8f88-34363bc7c4c0": {
                                "create": 360000000000,
                                "delete": 360000000000,
                                "update": 360000000000
                            },
                            "schema_version": "6"
                        },
                        "tainted": false
                    },
                    "deposed": [],
                    "provider": "provider.google"
                },
                "google_compute_instance.iperf_server": {
                    "type": "google_compute_instance",
                    "depends_on": [],
                    "primary": {
                        "id": "network-perf-test-server",
                        "attributes": {
                            "attached_disk.#": "0",
                            "boot_disk.#": "1",
                            "boot_disk.0.auto_delete": "true",
                            "boot_disk.0.device_name": "persistent-disk-0",
                            "boot_disk.0.disk_encryption_key_raw": "",
                            "boot_disk.0.disk_encryption_key_sha256": "",
                            "boot_disk.0.initialize_params.#": "1",
                            "boot_disk.0.initialize_params.0.image": "https://www.googleapis.com/compute/v1/projects/ubuntu-os-cloud/global/images/ubuntu-1804-bionic-v20181222",
                            "boot_disk.0.initialize_params.0.size": "10",
                            "boot_disk.0.initialize_params.0.type": "pd-standard",
                            "boot_disk.0.source": "https://www.googleapis.com/compute/v1/projects/uob-tv-project-dev/zones/europe-west2-a/disks/network-perf-test-server",
                            "can_ip_forward": "false",
                            "cpu_platform": "Intel Broadwell",
                            "create_timeout": "4",
                            "deletion_protection": "false",
                            "guest_accelerator.#": "0",
                            "id": "network-perf-test-server",
                            "instance_id": "5245913271303655993",
                            "label_fingerprint": "42WmSpB8rSM=",
                            "labels.%": "0",
                            "machine_type": "n1-standard-4",
                            "metadata.%": "0",
                            "metadata_fingerprint": "rktYZb5Dvdo=",
                            "metadata_startup_script": "        #!/bin/bash\n        sudo apt-get update -y\n        sudo apt-get install -y iperf3\n        iperf3 -s\n    ",
                            "min_cpu_platform": "",
                            "name": "network-perf-test-server",
                            "network_interface.#": "1",
                            "network_interface.0.access_config.#": "1",
                            "network_interface.0.access_config.0.assigned_nat_ip": "35.242.191.85",
                            "network_interface.0.access_config.0.nat_ip": "35.242.191.85",
                            "network_interface.0.access_config.0.network_tier": "PREMIUM",
                            "network_interface.0.access_config.0.public_ptr_domain_name": "",
                            "network_interface.0.address": "10.154.0.4",
                            "network_interface.0.alias_ip_range.#": "0",
                            "network_interface.0.name": "nic0",
                            "network_interface.0.network": "https://www.googleapis.com/compute/v1/projects/uob-tv-project-dev/global/networks/default",
                            "network_interface.0.network_ip": "10.154.0.4",
                            "network_interface.0.subnetwork": "https://www.googleapis.com/compute/v1/projects/uob-tv-project-dev/regions/europe-west2/subnetworks/default",
                            "network_interface.0.subnetwork_project": "uob-tv-project-dev",
                            "project": "uob-tv-project-dev",
                            "scheduling.#": "1",
                            "scheduling.0.automatic_restart": "false",
                            "scheduling.0.on_host_maintenance": "MIGRATE",
                            "scheduling.0.preemptible": "false",
                            "scratch_disk.#": "0",
                            "self_link": "https://www.googleapis.com/compute/v1/projects/uob-tv-project-dev/zones/europe-west2-a/instances/network-perf-test-server",
                            "service_account.#": "0",
                            "tags.#": "2",
                            "tags.3187712728": "ephemeral",
                            "tags.3632233996": "test",
                            "tags_fingerprint": "5ksxOECXuxc=",
                            "zone": "europe-west2-a"
                        },
                        "meta": {
                            "e2bfb730-ecaa-11e6-8f88-34363bc7c4c0": {
                                "create": 360000000000,
                                "delete": 360000000000,
                                "update": 360000000000
                            },
                            "schema_version": "6"
                        },
                        "tainted": false
                    },
                    "deposed": [],
                    "provider": "provider.google"
                }
            },
            "depends_on": []
        }
    ]
}
